// !$*UTF8*$!
{
	archiveVersion = 1;
	classes = {
	};
	objectVersion = 46;
	objects = {

/* Begin PBXBuildFile section */
		093200A71A394FDC00A323BA /* Pianzi.m in Sources */ = {isa = PBXBuildFile; fileRef = 093200A61A394FDC00A323BA /* Pianzi.m */; };
		093200AA1A3956A000A323BA /* Utils.m in Sources */ = {isa = PBXBuildFile; fileRef = 093200A91A3956A000A323BA /* Utils.m */; };
		093200DE1A3958AE00A323BA /* CDataScanner.m in Sources */ = {isa = PBXBuildFile; fileRef = 093200AD1A3958AE00A323BA /* CDataScanner.m */; settings = {COMPILER_FLAGS = "-fno-objc-arc"; }; };
		093200DF1A3958AE00A323BA /* CFilteringJSONSerializer.m in Sources */ = {isa = PBXBuildFile; fileRef = 093200B01A3958AE00A323BA /* CFilteringJSONSerializer.m */; settings = {COMPILER_FLAGS = "-fno-objc-arc"; }; };
		093200E01A3958AE00A323BA /* CJSONDeserializer_BlocksExtensions.m in Sources */ = {isa = PBXBuildFile; fileRef = 093200B21A3958AE00A323BA /* CJSONDeserializer_BlocksExtensions.m */; settings = {COMPILER_FLAGS = "-fno-objc-arc"; }; };
		093200E11A3958AE00A323BA /* CJSONSerialization.m in Sources */ = {isa = PBXBuildFile; fileRef = 093200B41A3958AE00A323BA /* CJSONSerialization.m */; settings = {COMPILER_FLAGS = "-fno-objc-arc"; }; };
		093200E21A3958AE00A323BA /* CJSONSerializedData.m in Sources */ = {isa = PBXBuildFile; fileRef = 093200B61A3958AE00A323BA /* CJSONSerializedData.m */; settings = {COMPILER_FLAGS = "-fno-objc-arc"; }; };
		093200E31A3958AE00A323BA /* CDataScanner_Extensions.m in Sources */ = {isa = PBXBuildFile; fileRef = 093200B91A3958AE00A323BA /* CDataScanner_Extensions.m */; settings = {COMPILER_FLAGS = "-fno-objc-arc"; }; };
		093200E41A3958AE00A323BA /* NSDictionary_JSONExtensions.m in Sources */ = {isa = PBXBuildFile; fileRef = 093200BB1A3958AE00A323BA /* NSDictionary_JSONExtensions.m */; };
		093200E51A3958AE00A323BA /* CJSONDeserializer.m in Sources */ = {isa = PBXBuildFile; fileRef = 093200BE1A3958AE00A323BA /* CJSONDeserializer.m */; settings = {COMPILER_FLAGS = "-fno-objc-arc"; }; };
		093200E61A3958AE00A323BA /* CJSONScanner.m in Sources */ = {isa = PBXBuildFile; fileRef = 093200C01A3958AE00A323BA /* CJSONScanner.m */; settings = {COMPILER_FLAGS = "-fno-objc-arc"; }; };
		093200E71A3958AE00A323BA /* CJSONSerializer.m in Sources */ = {isa = PBXBuildFile; fileRef = 093200C21A3958AE00A323BA /* CJSONSerializer.m */; settings = {COMPILER_FLAGS = "-fno-objc-arc"; }; };
		093200E81A3958AE00A323BA /* NSObject+SBJson.m in Sources */ = {isa = PBXBuildFile; fileRef = 093200C61A3958AE00A323BA /* NSObject+SBJson.m */; };
		093200E91A3958AE00A323BA /* SBJsonParser.m in Sources */ = {isa = PBXBuildFile; fileRef = 093200C91A3958AE00A323BA /* SBJsonParser.m */; settings = {COMPILER_FLAGS = "-fno-objc-arc"; }; };
		093200EA1A3958AE00A323BA /* SBJsonStreamParser.m in Sources */ = {isa = PBXBuildFile; fileRef = 093200CB1A3958AE00A323BA /* SBJsonStreamParser.m */; };
		093200EB1A3958AE00A323BA /* SBJsonStreamParserAccumulator.m in Sources */ = {isa = PBXBuildFile; fileRef = 093200CD1A3958AE00A323BA /* SBJsonStreamParserAccumulator.m */; settings = {COMPILER_FLAGS = "-fno-objc-arc"; }; };
		093200EC1A3958AE00A323BA /* SBJsonStreamParserAdapter.m in Sources */ = {isa = PBXBuildFile; fileRef = 093200CF1A3958AE00A323BA /* SBJsonStreamParserAdapter.m */; };
		093200ED1A3958AE00A323BA /* SBJsonStreamParserState.m in Sources */ = {isa = PBXBuildFile; fileRef = 093200D11A3958AE00A323BA /* SBJsonStreamParserState.m */; };
		093200EE1A3958AE00A323BA /* SBJsonStreamWriter.m in Sources */ = {isa = PBXBuildFile; fileRef = 093200D31A3958AE00A323BA /* SBJsonStreamWriter.m */; settings = {COMPILER_FLAGS = "-fno-objc-arc"; }; };
		093200EF1A3958AE00A323BA /* SBJsonStreamWriterAccumulator.m in Sources */ = {isa = PBXBuildFile; fileRef = 093200D51A3958AE00A323BA /* SBJsonStreamWriterAccumulator.m */; settings = {COMPILER_FLAGS = "-fno-objc-arc"; }; };
		093200F01A3958AE00A323BA /* SBJsonStreamWriterState.m in Sources */ = {isa = PBXBuildFile; fileRef = 093200D71A3958AE00A323BA /* SBJsonStreamWriterState.m */; settings = {COMPILER_FLAGS = "-fno-objc-arc"; }; };
		093200F11A3958AE00A323BA /* SBJsonTokeniser.m in Sources */ = {isa = PBXBuildFile; fileRef = 093200D91A3958AE00A323BA /* SBJsonTokeniser.m */; settings = {COMPILER_FLAGS = "-fno-objc-arc"; }; };
		093200F21A3958AE00A323BA /* SBJsonUTF8Stream.m in Sources */ = {isa = PBXBuildFile; fileRef = 093200DB1A3958AE00A323BA /* SBJsonUTF8Stream.m */; settings = {COMPILER_FLAGS = "-fno-objc-arc"; }; };
		093200F31A3958AE00A323BA /* SBJsonWriter.m in Sources */ = {isa = PBXBuildFile; fileRef = 093200DD1A3958AE00A323BA /* SBJsonWriter.m */; settings = {COMPILER_FLAGS = "-fno-objc-arc"; }; };
		093200F71A39701500A323BA /* PianziTVC.m in Sources */ = {isa = PBXBuildFile; fileRef = 093200F51A39701500A323BA /* PianziTVC.m */; };
		093200F81A39701500A323BA /* PianziTVC.xib in Resources */ = {isa = PBXBuildFile; fileRef = 093200F61A39701500A323BA /* PianziTVC.xib */; };
		093201091A39A36700A323BA /* EGOCache.m in Sources */ = {isa = PBXBuildFile; fileRef = 093201081A39A36700A323BA /* EGOCache.m */; settings = {COMPILER_FLAGS = "-fno-objc-arc"; }; };
		093201161A39A4B100A323BA /* EGOImageButton.m in Sources */ = {isa = PBXBuildFile; fileRef = 0932010D1A39A4B100A323BA /* EGOImageButton.m */; settings = {COMPILER_FLAGS = "-fno-objc-arc"; }; };
		093201171A39A4B100A323BA /* EGOImageLoadConnection.m in Sources */ = {isa = PBXBuildFile; fileRef = 093201101A39A4B100A323BA /* EGOImageLoadConnection.m */; settings = {COMPILER_FLAGS = "-fno-objc-arc"; }; };
		093201181A39A4B100A323BA /* EGOImageLoader.m in Sources */ = {isa = PBXBuildFile; fileRef = 093201121A39A4B100A323BA /* EGOImageLoader.m */; settings = {COMPILER_FLAGS = "-fno-objc-arc"; }; };
		093201191A39A4B100A323BA /* EGOImageView.m in Sources */ = {isa = PBXBuildFile; fileRef = 093201151A39A4B100A323BA /* EGOImageView.m */; settings = {COMPILER_FLAGS = "-fno-objc-arc"; }; };
		09365D951A30664E00A3E8E8 /* QuartzCore.framework in Frameworks */ = {isa = PBXBuildFile; fileRef = 09365D941A30664E00A3E8E8 /* QuartzCore.framework */; };
		09365D971A30665A00A3E8E8 /* Security.framework in Frameworks */ = {isa = PBXBuildFile; fileRef = 09365D961A30665A00A3E8E8 /* Security.framework */; };
		09365D991A30666800A3E8E8 /* CoreTelephony.framework in Frameworks */ = {isa = PBXBuildFile; fileRef = 09365D981A30666800A3E8E8 /* CoreTelephony.framework */; };
		09365D9B1A30667400A3E8E8 /* SystemConfiguration.framework in Frameworks */ = {isa = PBXBuildFile; fileRef = 09365D9A1A30667400A3E8E8 /* SystemConfiguration.framework */; };
		094807671A42275200FD519D /* DMScrollingTicker.m in Sources */ = {isa = PBXBuildFile; fileRef = 094807661A42275200FD519D /* DMScrollingTicker.m */; };
		0957109719BD3F4D0044B76B /* fujiang.txt in Resources */ = {isa = PBXBuildFile; fileRef = 0957109619BD3F4D0044B76B /* fujiang.txt */; };
		0957109D19BD418F0044B76B /* renwubaochou.html in Resources */ = {isa = PBXBuildFile; fileRef = 0957109C19BD418F0044B76B /* renwubaochou.html */; };
		095710A119BD493F0044B76B /* renwudengji.html in Resources */ = {isa = PBXBuildFile; fileRef = 095710A019BD493F0044B76B /* renwudengji.html */; };
		0982040C1A318A8A000655F9 /* ASIAuthenticationDialog.m in Sources */ = {isa = PBXBuildFile; fileRef = 098203F31A318A8A000655F9 /* ASIAuthenticationDialog.m */; settings = {COMPILER_FLAGS = "-fno-objc-arc"; }; };
		0982040D1A318A8A000655F9 /* ASIDataCompressor.m in Sources */ = {isa = PBXBuildFile; fileRef = 098203F61A318A8A000655F9 /* ASIDataCompressor.m */; settings = {COMPILER_FLAGS = "-fno-objc-arc"; }; };
		0982040E1A318A8A000655F9 /* ASIDataDecompressor.m in Sources */ = {isa = PBXBuildFile; fileRef = 098203F81A318A8A000655F9 /* ASIDataDecompressor.m */; settings = {COMPILER_FLAGS = "-fno-objc-arc"; }; };
		0982040F1A318A8A000655F9 /* ASIDownloadCache.m in Sources */ = {isa = PBXBuildFile; fileRef = 098203FA1A318A8A000655F9 /* ASIDownloadCache.m */; settings = {COMPILER_FLAGS = "-fno-objc-arc"; }; };
		098204101A318A8A000655F9 /* ASIFormDataRequest.m in Sources */ = {isa = PBXBuildFile; fileRef = 098203FC1A318A8A000655F9 /* ASIFormDataRequest.m */; settings = {COMPILER_FLAGS = "-fno-objc-arc"; }; };
		098204111A318A8A000655F9 /* ASIHTTPRequest.m in Sources */ = {isa = PBXBuildFile; fileRef = 098203FE1A318A8A000655F9 /* ASIHTTPRequest.m */; settings = {COMPILER_FLAGS = "-fno-objc-arc"; }; };
		098204121A318A8A000655F9 /* ASIInputStream.m in Sources */ = {isa = PBXBuildFile; fileRef = 098204021A318A8A000655F9 /* ASIInputStream.m */; settings = {COMPILER_FLAGS = "-fno-objc-arc"; }; };
		098204131A318A8A000655F9 /* ASINetworkQueue.m in Sources */ = {isa = PBXBuildFile; fileRef = 098204041A318A8A000655F9 /* ASINetworkQueue.m */; settings = {COMPILER_FLAGS = "-fno-objc-arc"; }; };
		098204141A318A8A000655F9 /* README-GHUnit in Resources */ = {isa = PBXBuildFile; fileRef = 098204081A318A8A000655F9 /* README-GHUnit */; };
		098204151A318A8A000655F9 /* PKReachability.m in Sources */ = {isa = PBXBuildFile; fileRef = 0982040B1A318A8A000655F9 /* PKReachability.m */; settings = {COMPILER_FLAGS = "-fno-objc-arc"; }; };
		098204171A318B51000655F9 /* CFNetwork.framework in Frameworks */ = {isa = PBXBuildFile; fileRef = 098204161A318B51000655F9 /* CFNetwork.framework */; };
		098204191A318B6D000655F9 /* MobileCoreServices.framework in Frameworks */ = {isa = PBXBuildFile; fileRef = 098204181A318B6D000655F9 /* MobileCoreServices.framework */; };
		0982041B1A318B8F000655F9 /* libz.1.2.5.dylib in Frameworks */ = {isa = PBXBuildFile; fileRef = 0982041A1A318B8F000655F9 /* libz.1.2.5.dylib */; };
		098204231A31966C000655F9 /* MeizhouhuodongVC.m in Sources */ = {isa = PBXBuildFile; fileRef = 098204221A31966C000655F9 /* MeizhouhuodongVC.m */; };
		098204281A319A33000655F9 /* tableview_background.png in Resources */ = {isa = PBXBuildFile; fileRef = 098204271A319A33000655F9 /* tableview_background.png */; };
		0982042D1A319E49000655F9 /* PMHelper.m in Sources */ = {isa = PBXBuildFile; fileRef = 0982042C1A319E49000655F9 /* PMHelper.m */; };
		098204381A31BCC7000655F9 /* Default-568h@2x.png in Resources */ = {isa = PBXBuildFile; fileRef = 098204361A31BCC7000655F9 /* Default-568h@2x.png */; };
		098204391A31BCC7000655F9 /* Default@2x.png in Resources */ = {isa = PBXBuildFile; fileRef = 098204371A31BCC7000655F9 /* Default@2x.png */; };
		09A19A5519BEAB7D000900BA /* MenuTableVC.m in Sources */ = {isa = PBXBuildFile; fileRef = 09A19A5319BEAB7D000900BA /* MenuTableVC.m */; };
		09A19A5619BEAB7D000900BA /* MenuTableVC.xib in Resources */ = {isa = PBXBuildFile; fileRef = 09A19A5419BEAB7D000900BA /* MenuTableVC.xib */; };
		09A19A5819BEAD22000900BA /* menuPlist.plist in Resources */ = {isa = PBXBuildFile; fileRef = 09A19A5719BEAD22000900BA /* menuPlist.plist */; };
		09A19A5A19BEDAB7000900BA /* typePlist.plist in Resources */ = {isa = PBXBuildFile; fileRef = 09A19A5919BEDAB7000900BA /* typePlist.plist */; };
		09A3C37619B1CEF800E46114 /* Foundation.framework in Frameworks */ = {isa = PBXBuildFile; fileRef = 09A3C37519B1CEF800E46114 /* Foundation.framework */; };
		09A3C37819B1CEF800E46114 /* CoreGraphics.framework in Frameworks */ = {isa = PBXBuildFile; fileRef = 09A3C37719B1CEF800E46114 /* CoreGraphics.framework */; };
		09A3C37A19B1CEF800E46114 /* UIKit.framework in Frameworks */ = {isa = PBXBuildFile; fileRef = 09A3C37919B1CEF800E46114 /* UIKit.framework */; };
		09A3C38019B1CEF800E46114 /* InfoPlist.strings in Resources */ = {isa = PBXBuildFile; fileRef = 09A3C37E19B1CEF800E46114 /* InfoPlist.strings */; };
		09A3C38219B1CEF800E46114 /* main.m in Sources */ = {isa = PBXBuildFile; fileRef = 09A3C38119B1CEF800E46114 /* main.m */; };
		09A3C38619B1CEF800E46114 /* WLXAppDelegate.m in Sources */ = {isa = PBXBuildFile; fileRef = 09A3C38519B1CEF800E46114 /* WLXAppDelegate.m */; };
		09A3C38819B1CEF800E46114 /* Images.xcassets in Resources */ = {isa = PBXBuildFile; fileRef = 09A3C38719B1CEF800E46114 /* Images.xcassets */; };
		09A3C38F19B1CEF800E46114 /* XCTest.framework in Frameworks */ = {isa = PBXBuildFile; fileRef = 09A3C38E19B1CEF800E46114 /* XCTest.framework */; };
		09A3C39019B1CEF800E46114 /* Foundation.framework in Frameworks */ = {isa = PBXBuildFile; fileRef = 09A3C37519B1CEF800E46114 /* Foundation.framework */; };
		09A3C39119B1CEF800E46114 /* UIKit.framework in Frameworks */ = {isa = PBXBuildFile; fileRef = 09A3C37919B1CEF800E46114 /* UIKit.framework */; };
		09A3C39919B1CEF800E46114 /* InfoPlist.strings in Resources */ = {isa = PBXBuildFile; fileRef = 09A3C39719B1CEF800E46114 /* InfoPlist.strings */; };
		09A3C39B19B1CEF800E46114 /* wsolTests.m in Sources */ = {isa = PBXBuildFile; fileRef = 09A3C39A19B1CEF800E46114 /* wsolTests.m */; };
		09A3C3AA19B1CF3900E46114 /* WeaponVC.m in Sources */ = {isa = PBXBuildFile; fileRef = 09A3C3A519B1CF3900E46114 /* WeaponVC.m */; };
		09A3C3AB19B1CF3900E46114 /* WeaponVC.xib in Resources */ = {isa = PBXBuildFile; fileRef = 09A3C3A619B1CF3900E46114 /* WeaponVC.xib */; };
		09A3C3AC19B1CF3900E46114 /* WeaponTVC.m in Sources */ = {isa = PBXBuildFile; fileRef = 09A3C3A819B1CF3900E46114 /* WeaponTVC.m */; };
		09A3C3AD19B1CF3900E46114 /* WeaponTVC.xib in Resources */ = {isa = PBXBuildFile; fileRef = 09A3C3A919B1CF3900E46114 /* WeaponTVC.xib */; };
		09A42E6A19F3E271007D2707 /* WuxuVC.m in Sources */ = {isa = PBXBuildFile; fileRef = 09A42E6819F3E271007D2707 /* WuxuVC.m */; };
		09A42E6B19F3E271007D2707 /* WuxuVC.xib in Resources */ = {isa = PBXBuildFile; fileRef = 09A42E6919F3E271007D2707 /* WuxuVC.xib */; };
		09A42E6E19F3E3E0007D2707 /* wuxu1.jpg in Resources */ = {isa = PBXBuildFile; fileRef = 09A42E6D19F3E3E0007D2707 /* wuxu1.jpg */; };
		09CDC2011A5E2A4D0066D5B9 /* BmobSDK.framework in Frameworks */ = {isa = PBXBuildFile; fileRef = 09CDC2001A5E2A4D0066D5B9 /* BmobSDK.framework */; };
		09CDC2031A5E2A9F0066D5B9 /* CoreLocation.framework in Frameworks */ = {isa = PBXBuildFile; fileRef = 09CDC2021A5E2A9F0066D5B9 /* CoreLocation.framework */; };
		09CDC2051A5E2AD70066D5B9 /* libicucore.dylib in Frameworks */ = {isa = PBXBuildFile; fileRef = 09CDC2041A5E2AD60066D5B9 /* libicucore.dylib */; };
		09CDC2071A5E2B040066D5B9 /* AVFoundation.framework in Frameworks */ = {isa = PBXBuildFile; fileRef = 09CDC2061A5E2B040066D5B9 /* AVFoundation.framework */; };
		09CDC2091A5E2B190066D5B9 /* MediaPlayer.framework in Frameworks */ = {isa = PBXBuildFile; fileRef = 09CDC2081A5E2B190066D5B9 /* MediaPlayer.framework */; };
		09CDC2111A5E3D7A0066D5B9 /* WeilixishuVC.m in Sources */ = {isa = PBXBuildFile; fileRef = 09CDC2101A5E3D7A0066D5B9 /* WeilixishuVC.m */; };
		09E9D1F31A388BE90023A68B /* StoreKit.framework in Frameworks */ = {isa = PBXBuildFile; fileRef = 09E9D1F21A388BE90023A68B /* StoreKit.framework */; settings = {ATTRIBUTES = (Weak, ); }; };
		09E9D1F51A388BF40023A68B /* ImageIO.framework in Frameworks */ = {isa = PBXBuildFile; fileRef = 09E9D1F41A388BF40023A68B /* ImageIO.framework */; };
		09E9D1F71A388C0B0023A68B /* libsqlite3.dylib in Frameworks */ = {isa = PBXBuildFile; fileRef = 09E9D1F61A388C0B0023A68B /* libsqlite3.dylib */; };
		09E9D1FA1A38966A0023A68B /* PianzimingdanVC.m in Sources */ = {isa = PBXBuildFile; fileRef = 09E9D1F91A38966A0023A68B /* PianzimingdanVC.m */; };
		09FA19C519BC74CF00DF60D5 /* TWTSideMenuViewController.m in Sources */ = {isa = PBXBuildFile; fileRef = 09FA19C419BC74CF00DF60D5 /* TWTSideMenuViewController.m */; };
		09FA19CE19BC7FB000DF60D5 /* LoadhtmlVC.m in Sources */ = {isa = PBXBuildFile; fileRef = 09FA19CC19BC7FB000DF60D5 /* LoadhtmlVC.m */; };
		09FA19CF19BC7FB000DF60D5 /* LoadhtmlVC.xib in Resources */ = {isa = PBXBuildFile; fileRef = 09FA19CD19BC7FB000DF60D5 /* LoadhtmlVC.xib */; };
		09FA19D619BC94F200DF60D5 /* LoadtxtVC.m in Sources */ = {isa = PBXBuildFile; fileRef = 09FA19D419BC94F200DF60D5 /* LoadtxtVC.m */; };
		09FA19D719BC94F200DF60D5 /* LoadtxtVC.xib in Resources */ = {isa = PBXBuildFile; fileRef = 09FA19D519BC94F200DF60D5 /* LoadtxtVC.xib */; };
		09FAD83F19B379B700A30E35 /* libMobClickLibrary.a in Frameworks */ = {isa = PBXBuildFile; fileRef = 09FAD83C19B379B700A30E35 /* libMobClickLibrary.a */; };
		09FAD84119B379B700A30E35 /* libz.dylib in Frameworks */ = {isa = PBXBuildFile; fileRef = 09FAD84019B379B700A30E35 /* libz.dylib */; };
/* End PBXBuildFile section */

/* Begin PBXContainerItemProxy section */
		09A3C39219B1CEF800E46114 /* PBXContainerItemProxy */ = {
			isa = PBXContainerItemProxy;
			containerPortal = 09A3C36A19B1CEF800E46114 /* Project object */;
			proxyType = 1;
			remoteGlobalIDString = 09A3C37119B1CEF800E46114;
			remoteInfo = wsol;
		};
/* End PBXContainerItemProxy section */

/* Begin PBXFileReference section */
		093200A51A394FDC00A323BA /* Pianzi.h */ = {isa = PBXFileReference; fileEncoding = 4; lastKnownFileType = sourcecode.c.h; path = Pianzi.h; sourceTree = "<group>"; };
		093200A61A394FDC00A323BA /* Pianzi.m */ = {isa = PBXFileReference; fileEncoding = 4; lastKnownFileType = sourcecode.c.objc; path = Pianzi.m; sourceTree = "<group>"; };
		093200A81A3956A000A323BA /* Utils.h */ = {isa = PBXFileReference; fileEncoding = 4; lastKnownFileType = sourcecode.c.h; path = Utils.h; sourceTree = "<group>"; };
		093200A91A3956A000A323BA /* Utils.m */ = {isa = PBXFileReference; fileEncoding = 4; lastKnownFileType = sourcecode.c.objc; path = Utils.m; sourceTree = "<group>"; };
		093200AC1A3958AE00A323BA /* CDataScanner.h */ = {isa = PBXFileReference; fileEncoding = 4; lastKnownFileType = sourcecode.c.h; path = CDataScanner.h; sourceTree = "<group>"; };
		093200AD1A3958AE00A323BA /* CDataScanner.m */ = {isa = PBXFileReference; fileEncoding = 4; lastKnownFileType = sourcecode.c.objc; path = CDataScanner.m; sourceTree = "<group>"; };
		093200AF1A3958AE00A323BA /* CFilteringJSONSerializer.h */ = {isa = PBXFileReference; fileEncoding = 4; lastKnownFileType = sourcecode.c.h; path = CFilteringJSONSerializer.h; sourceTree = "<group>"; };
		093200B01A3958AE00A323BA /* CFilteringJSONSerializer.m */ = {isa = PBXFileReference; fileEncoding = 4; lastKnownFileType = sourcecode.c.objc; path = CFilteringJSONSerializer.m; sourceTree = "<group>"; };
		093200B11A3958AE00A323BA /* CJSONDeserializer_BlocksExtensions.h */ = {isa = PBXFileReference; fileEncoding = 4; lastKnownFileType = sourcecode.c.h; path = CJSONDeserializer_BlocksExtensions.h; sourceTree = "<group>"; };
		093200B21A3958AE00A323BA /* CJSONDeserializer_BlocksExtensions.m */ = {isa = PBXFileReference; fileEncoding = 4; lastKnownFileType = sourcecode.c.objc; path = CJSONDeserializer_BlocksExtensions.m; sourceTree = "<group>"; };
		093200B31A3958AE00A323BA /* CJSONSerialization.h */ = {isa = PBXFileReference; fileEncoding = 4; lastKnownFileType = sourcecode.c.h; path = CJSONSerialization.h; sourceTree = "<group>"; };
		093200B41A3958AE00A323BA /* CJSONSerialization.m */ = {isa = PBXFileReference; fileEncoding = 4; lastKnownFileType = sourcecode.c.objc; path = CJSONSerialization.m; sourceTree = "<group>"; };
		093200B51A3958AE00A323BA /* CJSONSerializedData.h */ = {isa = PBXFileReference; fileEncoding = 4; lastKnownFileType = sourcecode.c.h; path = CJSONSerializedData.h; sourceTree = "<group>"; };
		093200B61A3958AE00A323BA /* CJSONSerializedData.m */ = {isa = PBXFileReference; fileEncoding = 4; lastKnownFileType = sourcecode.c.objc; path = CJSONSerializedData.m; sourceTree = "<group>"; };
		093200B81A3958AE00A323BA /* CDataScanner_Extensions.h */ = {isa = PBXFileReference; fileEncoding = 4; lastKnownFileType = sourcecode.c.h; path = CDataScanner_Extensions.h; sourceTree = "<group>"; };
		093200B91A3958AE00A323BA /* CDataScanner_Extensions.m */ = {isa = PBXFileReference; fileEncoding = 4; lastKnownFileType = sourcecode.c.objc; path = CDataScanner_Extensions.m; sourceTree = "<group>"; };
		093200BA1A3958AE00A323BA /* NSDictionary_JSONExtensions.h */ = {isa = PBXFileReference; fileEncoding = 4; lastKnownFileType = sourcecode.c.h; path = NSDictionary_JSONExtensions.h; sourceTree = "<group>"; };
		093200BB1A3958AE00A323BA /* NSDictionary_JSONExtensions.m */ = {isa = PBXFileReference; fileEncoding = 4; lastKnownFileType = sourcecode.c.objc; path = NSDictionary_JSONExtensions.m; sourceTree = "<group>"; };
		093200BD1A3958AE00A323BA /* CJSONDeserializer.h */ = {isa = PBXFileReference; fileEncoding = 4; lastKnownFileType = sourcecode.c.h; path = CJSONDeserializer.h; sourceTree = "<group>"; };
		093200BE1A3958AE00A323BA /* CJSONDeserializer.m */ = {isa = PBXFileReference; fileEncoding = 4; lastKnownFileType = sourcecode.c.objc; path = CJSONDeserializer.m; sourceTree = "<group>"; };
		093200BF1A3958AE00A323BA /* CJSONScanner.h */ = {isa = PBXFileReference; fileEncoding = 4; lastKnownFileType = sourcecode.c.h; path = CJSONScanner.h; sourceTree = "<group>"; };
		093200C01A3958AE00A323BA /* CJSONScanner.m */ = {isa = PBXFileReference; fileEncoding = 4; lastKnownFileType = sourcecode.c.objc; path = CJSONScanner.m; sourceTree = "<group>"; };
		093200C11A3958AE00A323BA /* CJSONSerializer.h */ = {isa = PBXFileReference; fileEncoding = 4; lastKnownFileType = sourcecode.c.h; path = CJSONSerializer.h; sourceTree = "<group>"; };
		093200C21A3958AE00A323BA /* CJSONSerializer.m */ = {isa = PBXFileReference; fileEncoding = 4; lastKnownFileType = sourcecode.c.objc; path = CJSONSerializer.m; sourceTree = "<group>"; };
		093200C31A3958AE00A323BA /* JSONRepresentation.h */ = {isa = PBXFileReference; fileEncoding = 4; lastKnownFileType = sourcecode.c.h; path = JSONRepresentation.h; sourceTree = "<group>"; };
		093200C51A3958AE00A323BA /* NSObject+SBJson.h */ = {isa = PBXFileReference; fileEncoding = 4; lastKnownFileType = sourcecode.c.h; path = "NSObject+SBJson.h"; sourceTree = "<group>"; };
		093200C61A3958AE00A323BA /* NSObject+SBJson.m */ = {isa = PBXFileReference; fileEncoding = 4; lastKnownFileType = sourcecode.c.objc; path = "NSObject+SBJson.m"; sourceTree = "<group>"; };
		093200C71A3958AE00A323BA /* SBJson.h */ = {isa = PBXFileReference; fileEncoding = 4; lastKnownFileType = sourcecode.c.h; path = SBJson.h; sourceTree = "<group>"; };
		093200C81A3958AE00A323BA /* SBJsonParser.h */ = {isa = PBXFileReference; fileEncoding = 4; lastKnownFileType = sourcecode.c.h; path = SBJsonParser.h; sourceTree = "<group>"; };
		093200C91A3958AE00A323BA /* SBJsonParser.m */ = {isa = PBXFileReference; fileEncoding = 4; lastKnownFileType = sourcecode.c.objc; path = SBJsonParser.m; sourceTree = "<group>"; };
		093200CA1A3958AE00A323BA /* SBJsonStreamParser.h */ = {isa = PBXFileReference; fileEncoding = 4; lastKnownFileType = sourcecode.c.h; path = SBJsonStreamParser.h; sourceTree = "<group>"; };
		093200CB1A3958AE00A323BA /* SBJsonStreamParser.m */ = {isa = PBXFileReference; fileEncoding = 4; lastKnownFileType = sourcecode.c.objc; path = SBJsonStreamParser.m; sourceTree = "<group>"; };
		093200CC1A3958AE00A323BA /* SBJsonStreamParserAccumulator.h */ = {isa = PBXFileReference; fileEncoding = 4; lastKnownFileType = sourcecode.c.h; path = SBJsonStreamParserAccumulator.h; sourceTree = "<group>"; };
		093200CD1A3958AE00A323BA /* SBJsonStreamParserAccumulator.m */ = {isa = PBXFileReference; fileEncoding = 4; lastKnownFileType = sourcecode.c.objc; path = SBJsonStreamParserAccumulator.m; sourceTree = "<group>"; };
		093200CE1A3958AE00A323BA /* SBJsonStreamParserAdapter.h */ = {isa = PBXFileReference; fileEncoding = 4; lastKnownFileType = sourcecode.c.h; path = SBJsonStreamParserAdapter.h; sourceTree = "<group>"; };
		093200CF1A3958AE00A323BA /* SBJsonStreamParserAdapter.m */ = {isa = PBXFileReference; fileEncoding = 4; lastKnownFileType = sourcecode.c.objc; path = SBJsonStreamParserAdapter.m; sourceTree = "<group>"; };
		093200D01A3958AE00A323BA /* SBJsonStreamParserState.h */ = {isa = PBXFileReference; fileEncoding = 4; lastKnownFileType = sourcecode.c.h; path = SBJsonStreamParserState.h; sourceTree = "<group>"; };
		093200D11A3958AE00A323BA /* SBJsonStreamParserState.m */ = {isa = PBXFileReference; fileEncoding = 4; lastKnownFileType = sourcecode.c.objc; path = SBJsonStreamParserState.m; sourceTree = "<group>"; };
		093200D21A3958AE00A323BA /* SBJsonStreamWriter.h */ = {isa = PBXFileReference; fileEncoding = 4; lastKnownFileType = sourcecode.c.h; path = SBJsonStreamWriter.h; sourceTree = "<group>"; };
		093200D31A3958AE00A323BA /* SBJsonStreamWriter.m */ = {isa = PBXFileReference; fileEncoding = 4; lastKnownFileType = sourcecode.c.objc; path = SBJsonStreamWriter.m; sourceTree = "<group>"; };
		093200D41A3958AE00A323BA /* SBJsonStreamWriterAccumulator.h */ = {isa = PBXFileReference; fileEncoding = 4; lastKnownFileType = sourcecode.c.h; path = SBJsonStreamWriterAccumulator.h; sourceTree = "<group>"; };
		093200D51A3958AE00A323BA /* SBJsonStreamWriterAccumulator.m */ = {isa = PBXFileReference; fileEncoding = 4; lastKnownFileType = sourcecode.c.objc; path = SBJsonStreamWriterAccumulator.m; sourceTree = "<group>"; };
		093200D61A3958AE00A323BA /* SBJsonStreamWriterState.h */ = {isa = PBXFileReference; fileEncoding = 4; lastKnownFileType = sourcecode.c.h; path = SBJsonStreamWriterState.h; sourceTree = "<group>"; };
		093200D71A3958AE00A323BA /* SBJsonStreamWriterState.m */ = {isa = PBXFileReference; fileEncoding = 4; lastKnownFileType = sourcecode.c.objc; path = SBJsonStreamWriterState.m; sourceTree = "<group>"; };
		093200D81A3958AE00A323BA /* SBJsonTokeniser.h */ = {isa = PBXFileReference; fileEncoding = 4; lastKnownFileType = sourcecode.c.h; path = SBJsonTokeniser.h; sourceTree = "<group>"; };
		093200D91A3958AE00A323BA /* SBJsonTokeniser.m */ = {isa = PBXFileReference; fileEncoding = 4; lastKnownFileType = sourcecode.c.objc; path = SBJsonTokeniser.m; sourceTree = "<group>"; };
		093200DA1A3958AE00A323BA /* SBJsonUTF8Stream.h */ = {isa = PBXFileReference; fileEncoding = 4; lastKnownFileType = sourcecode.c.h; path = SBJsonUTF8Stream.h; sourceTree = "<group>"; };
		093200DB1A3958AE00A323BA /* SBJsonUTF8Stream.m */ = {isa = PBXFileReference; fileEncoding = 4; lastKnownFileType = sourcecode.c.objc; path = SBJsonUTF8Stream.m; sourceTree = "<group>"; };
		093200DC1A3958AE00A323BA /* SBJsonWriter.h */ = {isa = PBXFileReference; fileEncoding = 4; lastKnownFileType = sourcecode.c.h; path = SBJsonWriter.h; sourceTree = "<group>"; };
		093200DD1A3958AE00A323BA /* SBJsonWriter.m */ = {isa = PBXFileReference; fileEncoding = 4; lastKnownFileType = sourcecode.c.objc; path = SBJsonWriter.m; sourceTree = "<group>"; };
		093200F41A39701500A323BA /* PianziTVC.h */ = {isa = PBXFileReference; fileEncoding = 4; lastKnownFileType = sourcecode.c.h; path = PianziTVC.h; sourceTree = "<group>"; };
		093200F51A39701500A323BA /* PianziTVC.m */ = {isa = PBXFileReference; fileEncoding = 4; lastKnownFileType = sourcecode.c.objc; path = PianziTVC.m; sourceTree = "<group>"; };
		093200F61A39701500A323BA /* PianziTVC.xib */ = {isa = PBXFileReference; fileEncoding = 4; lastKnownFileType = file.xib; path = PianziTVC.xib; sourceTree = "<group>"; };
		093201071A39A36700A323BA /* EGOCache.h */ = {isa = PBXFileReference; fileEncoding = 4; lastKnownFileType = sourcecode.c.h; path = EGOCache.h; sourceTree = "<group>"; };
		093201081A39A36700A323BA /* EGOCache.m */ = {isa = PBXFileReference; fileEncoding = 4; lastKnownFileType = sourcecode.c.objc; path = EGOCache.m; sourceTree = "<group>"; };
		0932010C1A39A4B100A323BA /* EGOImageButton.h */ = {isa = PBXFileReference; fileEncoding = 4; lastKnownFileType = sourcecode.c.h; path = EGOImageButton.h; sourceTree = "<group>"; };
		0932010D1A39A4B100A323BA /* EGOImageButton.m */ = {isa = PBXFileReference; fileEncoding = 4; lastKnownFileType = sourcecode.c.objc; path = EGOImageButton.m; sourceTree = "<group>"; };
		0932010F1A39A4B100A323BA /* EGOImageLoadConnection.h */ = {isa = PBXFileReference; fileEncoding = 4; lastKnownFileType = sourcecode.c.h; path = EGOImageLoadConnection.h; sourceTree = "<group>"; };
		093201101A39A4B100A323BA /* EGOImageLoadConnection.m */ = {isa = PBXFileReference; fileEncoding = 4; lastKnownFileType = sourcecode.c.objc; path = EGOImageLoadConnection.m; sourceTree = "<group>"; };
		093201111A39A4B100A323BA /* EGOImageLoader.h */ = {isa = PBXFileReference; fileEncoding = 4; lastKnownFileType = sourcecode.c.h; path = EGOImageLoader.h; sourceTree = "<group>"; };
		093201121A39A4B100A323BA /* EGOImageLoader.m */ = {isa = PBXFileReference; fileEncoding = 4; lastKnownFileType = sourcecode.c.objc; path = EGOImageLoader.m; sourceTree = "<group>"; };
		093201141A39A4B100A323BA /* EGOImageView.h */ = {isa = PBXFileReference; fileEncoding = 4; lastKnownFileType = sourcecode.c.h; path = EGOImageView.h; sourceTree = "<group>"; };
		093201151A39A4B100A323BA /* EGOImageView.m */ = {isa = PBXFileReference; fileEncoding = 4; lastKnownFileType = sourcecode.c.objc; path = EGOImageView.m; sourceTree = "<group>"; };
		09365D921A30664200A3E8E8 /* AdSupport.framework */ = {isa = PBXFileReference; lastKnownFileType = wrapper.framework; name = AdSupport.framework; path = System/Library/Frameworks/AdSupport.framework; sourceTree = SDKROOT; };
		09365D941A30664E00A3E8E8 /* QuartzCore.framework */ = {isa = PBXFileReference; lastKnownFileType = wrapper.framework; name = QuartzCore.framework; path = System/Library/Frameworks/QuartzCore.framework; sourceTree = SDKROOT; };
		09365D961A30665A00A3E8E8 /* Security.framework */ = {isa = PBXFileReference; lastKnownFileType = wrapper.framework; name = Security.framework; path = System/Library/Frameworks/Security.framework; sourceTree = SDKROOT; };
		09365D981A30666800A3E8E8 /* CoreTelephony.framework */ = {isa = PBXFileReference; lastKnownFileType = wrapper.framework; name = CoreTelephony.framework; path = System/Library/Frameworks/CoreTelephony.framework; sourceTree = SDKROOT; };
		09365D9A1A30667400A3E8E8 /* SystemConfiguration.framework */ = {isa = PBXFileReference; lastKnownFileType = wrapper.framework; name = SystemConfiguration.framework; path = System/Library/Frameworks/SystemConfiguration.framework; sourceTree = SDKROOT; };
		094807651A42275200FD519D /* DMScrollingTicker.h */ = {isa = PBXFileReference; fileEncoding = 4; lastKnownFileType = sourcecode.c.h; path = DMScrollingTicker.h; sourceTree = "<group>"; };
		094807661A42275200FD519D /* DMScrollingTicker.m */ = {isa = PBXFileReference; fileEncoding = 4; lastKnownFileType = sourcecode.c.objc; path = DMScrollingTicker.m; sourceTree = "<group>"; };
		0957109619BD3F4D0044B76B /* fujiang.txt */ = {isa = PBXFileReference; fileEncoding = 4; lastKnownFileType = text; path = fujiang.txt; sourceTree = "<group>"; };
		0957109C19BD418F0044B76B /* renwubaochou.html */ = {isa = PBXFileReference; fileEncoding = 4; lastKnownFileType = text.html; path = renwubaochou.html; sourceTree = "<group>"; };
		095710A019BD493F0044B76B /* renwudengji.html */ = {isa = PBXFileReference; fileEncoding = 4; lastKnownFileType = text.html; path = renwudengji.html; sourceTree = "<group>"; };
		098203F21A318A8A000655F9 /* ASIAuthenticationDialog.h */ = {isa = PBXFileReference; fileEncoding = 4; lastKnownFileType = sourcecode.c.h; path = ASIAuthenticationDialog.h; sourceTree = "<group>"; };
		098203F31A318A8A000655F9 /* ASIAuthenticationDialog.m */ = {isa = PBXFileReference; fileEncoding = 4; lastKnownFileType = sourcecode.c.objc; path = ASIAuthenticationDialog.m; sourceTree = "<group>"; };
		098203F41A318A8A000655F9 /* ASICacheDelegate.h */ = {isa = PBXFileReference; fileEncoding = 4; lastKnownFileType = sourcecode.c.h; path = ASICacheDelegate.h; sourceTree = "<group>"; };
		098203F51A318A8A000655F9 /* ASIDataCompressor.h */ = {isa = PBXFileReference; fileEncoding = 4; lastKnownFileType = sourcecode.c.h; path = ASIDataCompressor.h; sourceTree = "<group>"; };
		098203F61A318A8A000655F9 /* ASIDataCompressor.m */ = {isa = PBXFileReference; fileEncoding = 4; lastKnownFileType = sourcecode.c.objc; path = ASIDataCompressor.m; sourceTree = "<group>"; };
		098203F71A318A8A000655F9 /* ASIDataDecompressor.h */ = {isa = PBXFileReference; fileEncoding = 4; lastKnownFileType = sourcecode.c.h; path = ASIDataDecompressor.h; sourceTree = "<group>"; };
		098203F81A318A8A000655F9 /* ASIDataDecompressor.m */ = {isa = PBXFileReference; fileEncoding = 4; lastKnownFileType = sourcecode.c.objc; path = ASIDataDecompressor.m; sourceTree = "<group>"; };
		098203F91A318A8A000655F9 /* ASIDownloadCache.h */ = {isa = PBXFileReference; fileEncoding = 4; lastKnownFileType = sourcecode.c.h; path = ASIDownloadCache.h; sourceTree = "<group>"; };
		098203FA1A318A8A000655F9 /* ASIDownloadCache.m */ = {isa = PBXFileReference; fileEncoding = 4; lastKnownFileType = sourcecode.c.objc; path = ASIDownloadCache.m; sourceTree = "<group>"; };
		098203FB1A318A8A000655F9 /* ASIFormDataRequest.h */ = {isa = PBXFileReference; fileEncoding = 4; lastKnownFileType = sourcecode.c.h; path = ASIFormDataRequest.h; sourceTree = "<group>"; };
		098203FC1A318A8A000655F9 /* ASIFormDataRequest.m */ = {isa = PBXFileReference; fileEncoding = 4; lastKnownFileType = sourcecode.c.objc; path = ASIFormDataRequest.m; sourceTree = "<group>"; };
		098203FD1A318A8A000655F9 /* ASIHTTPRequest.h */ = {isa = PBXFileReference; fileEncoding = 4; lastKnownFileType = sourcecode.c.h; path = ASIHTTPRequest.h; sourceTree = "<group>"; };
		098203FE1A318A8A000655F9 /* ASIHTTPRequest.m */ = {isa = PBXFileReference; fileEncoding = 4; lastKnownFileType = sourcecode.c.objc; path = ASIHTTPRequest.m; sourceTree = "<group>"; };
		098203FF1A318A8A000655F9 /* ASIHTTPRequestConfig.h */ = {isa = PBXFileReference; fileEncoding = 4; lastKnownFileType = sourcecode.c.h; path = ASIHTTPRequestConfig.h; sourceTree = "<group>"; };
		098204001A318A8A000655F9 /* ASIHTTPRequestDelegate.h */ = {isa = PBXFileReference; fileEncoding = 4; lastKnownFileType = sourcecode.c.h; path = ASIHTTPRequestDelegate.h; sourceTree = "<group>"; };
		098204011A318A8A000655F9 /* ASIInputStream.h */ = {isa = PBXFileReference; fileEncoding = 4; lastKnownFileType = sourcecode.c.h; path = ASIInputStream.h; sourceTree = "<group>"; };
		098204021A318A8A000655F9 /* ASIInputStream.m */ = {isa = PBXFileReference; fileEncoding = 4; lastKnownFileType = sourcecode.c.objc; path = ASIInputStream.m; sourceTree = "<group>"; };
		098204031A318A8A000655F9 /* ASINetworkQueue.h */ = {isa = PBXFileReference; fileEncoding = 4; lastKnownFileType = sourcecode.c.h; path = ASINetworkQueue.h; sourceTree = "<group>"; };
		098204041A318A8A000655F9 /* ASINetworkQueue.m */ = {isa = PBXFileReference; fileEncoding = 4; lastKnownFileType = sourcecode.c.objc; path = ASINetworkQueue.m; sourceTree = "<group>"; };
		098204051A318A8A000655F9 /* ASIProgressDelegate.h */ = {isa = PBXFileReference; fileEncoding = 4; lastKnownFileType = sourcecode.c.h; path = ASIProgressDelegate.h; sourceTree = "<group>"; };
		098204081A318A8A000655F9 /* README-GHUnit */ = {isa = PBXFileReference; fileEncoding = 4; lastKnownFileType = text; path = "README-GHUnit"; sourceTree = "<group>"; };
		0982040A1A318A8A000655F9 /* PKReachability.h */ = {isa = PBXFileReference; fileEncoding = 4; lastKnownFileType = sourcecode.c.h; path = PKReachability.h; sourceTree = "<group>"; };
		0982040B1A318A8A000655F9 /* PKReachability.m */ = {isa = PBXFileReference; fileEncoding = 4; lastKnownFileType = sourcecode.c.objc; path = PKReachability.m; sourceTree = "<group>"; };
		098204161A318B51000655F9 /* CFNetwork.framework */ = {isa = PBXFileReference; lastKnownFileType = wrapper.framework; name = CFNetwork.framework; path = System/Library/Frameworks/CFNetwork.framework; sourceTree = SDKROOT; };
		098204181A318B6D000655F9 /* MobileCoreServices.framework */ = {isa = PBXFileReference; lastKnownFileType = wrapper.framework; name = MobileCoreServices.framework; path = System/Library/Frameworks/MobileCoreServices.framework; sourceTree = SDKROOT; };
		0982041A1A318B8F000655F9 /* libz.1.2.5.dylib */ = {isa = PBXFileReference; lastKnownFileType = "compiled.mach-o.dylib"; name = libz.1.2.5.dylib; path = usr/lib/libz.1.2.5.dylib; sourceTree = SDKROOT; };
		098204211A31966C000655F9 /* MeizhouhuodongVC.h */ = {isa = PBXFileReference; fileEncoding = 4; lastKnownFileType = sourcecode.c.h; path = MeizhouhuodongVC.h; sourceTree = "<group>"; };
		098204221A31966C000655F9 /* MeizhouhuodongVC.m */ = {isa = PBXFileReference; fileEncoding = 4; lastKnownFileType = sourcecode.c.objc; path = MeizhouhuodongVC.m; sourceTree = "<group>"; };
		098204271A319A33000655F9 /* tableview_background.png */ = {isa = PBXFileReference; lastKnownFileType = image.png; name = tableview_background.png; path = ../tableview_background.png; sourceTree = "<group>"; };
		0982042B1A319E49000655F9 /* PMHelper.h */ = {isa = PBXFileReference; fileEncoding = 4; lastKnownFileType = sourcecode.c.h; path = PMHelper.h; sourceTree = "<group>"; };
		0982042C1A319E49000655F9 /* PMHelper.m */ = {isa = PBXFileReference; fileEncoding = 4; lastKnownFileType = sourcecode.c.objc; path = PMHelper.m; sourceTree = "<group>"; };
		098204361A31BCC7000655F9 /* Default-568h@2x.png */ = {isa = PBXFileReference; lastKnownFileType = image.png; path = "Default-568h@2x.png"; sourceTree = "<group>"; };
		098204371A31BCC7000655F9 /* Default@2x.png */ = {isa = PBXFileReference; lastKnownFileType = image.png; path = "Default@2x.png"; sourceTree = "<group>"; };
		09A19A5219BEAB7D000900BA /* MenuTableVC.h */ = {isa = PBXFileReference; fileEncoding = 4; lastKnownFileType = sourcecode.c.h; path = MenuTableVC.h; sourceTree = "<group>"; };
		09A19A5319BEAB7D000900BA /* MenuTableVC.m */ = {isa = PBXFileReference; fileEncoding = 4; lastKnownFileType = sourcecode.c.objc; path = MenuTableVC.m; sourceTree = "<group>"; };
		09A19A5419BEAB7D000900BA /* MenuTableVC.xib */ = {isa = PBXFileReference; fileEncoding = 4; lastKnownFileType = file.xib; path = MenuTableVC.xib; sourceTree = "<group>"; };
		09A19A5719BEAD22000900BA /* menuPlist.plist */ = {isa = PBXFileReference; fileEncoding = 4; lastKnownFileType = text.plist.xml; path = menuPlist.plist; sourceTree = "<group>"; };
		09A19A5919BEDAB7000900BA /* typePlist.plist */ = {isa = PBXFileReference; fileEncoding = 4; lastKnownFileType = text.plist.xml; path = typePlist.plist; sourceTree = "<group>"; };
		09A3C37219B1CEF800E46114 /* 我的无双攻略.app */ = {isa = PBXFileReference; explicitFileType = wrapper.application; includeInIndex = 0; path = "我的无双攻略.app"; sourceTree = BUILT_PRODUCTS_DIR; };
		09A3C37519B1CEF800E46114 /* Foundation.framework */ = {isa = PBXFileReference; lastKnownFileType = wrapper.framework; name = Foundation.framework; path = System/Library/Frameworks/Foundation.framework; sourceTree = SDKROOT; };
		09A3C37719B1CEF800E46114 /* CoreGraphics.framework */ = {isa = PBXFileReference; lastKnownFileType = wrapper.framework; name = CoreGraphics.framework; path = System/Library/Frameworks/CoreGraphics.framework; sourceTree = SDKROOT; };
		09A3C37919B1CEF800E46114 /* UIKit.framework */ = {isa = PBXFileReference; lastKnownFileType = wrapper.framework; name = UIKit.framework; path = System/Library/Frameworks/UIKit.framework; sourceTree = SDKROOT; };
		09A3C37D19B1CEF800E46114 /* wsol-Info.plist */ = {isa = PBXFileReference; lastKnownFileType = text.plist.xml; path = "wsol-Info.plist"; sourceTree = "<group>"; };
		09A3C37F19B1CEF800E46114 /* en */ = {isa = PBXFileReference; lastKnownFileType = text.plist.strings; name = en; path = en.lproj/InfoPlist.strings; sourceTree = "<group>"; };
		09A3C38119B1CEF800E46114 /* main.m */ = {isa = PBXFileReference; lastKnownFileType = sourcecode.c.objc; path = main.m; sourceTree = "<group>"; };
		09A3C38319B1CEF800E46114 /* wsol-Prefix.pch */ = {isa = PBXFileReference; lastKnownFileType = sourcecode.c.h; path = "wsol-Prefix.pch"; sourceTree = "<group>"; };
		09A3C38419B1CEF800E46114 /* WLXAppDelegate.h */ = {isa = PBXFileReference; lastKnownFileType = sourcecode.c.h; path = WLXAppDelegate.h; sourceTree = "<group>"; };
		09A3C38519B1CEF800E46114 /* WLXAppDelegate.m */ = {isa = PBXFileReference; lastKnownFileType = sourcecode.c.objc; path = WLXAppDelegate.m; sourceTree = "<group>"; };
		09A3C38719B1CEF800E46114 /* Images.xcassets */ = {isa = PBXFileReference; lastKnownFileType = folder.assetcatalog; path = Images.xcassets; sourceTree = "<group>"; };
		09A3C38D19B1CEF800E46114 /* wsolTests.xctest */ = {isa = PBXFileReference; explicitFileType = wrapper.cfbundle; includeInIndex = 0; path = wsolTests.xctest; sourceTree = BUILT_PRODUCTS_DIR; };
		09A3C38E19B1CEF800E46114 /* XCTest.framework */ = {isa = PBXFileReference; lastKnownFileType = wrapper.framework; name = XCTest.framework; path = Library/Frameworks/XCTest.framework; sourceTree = DEVELOPER_DIR; };
		09A3C39619B1CEF800E46114 /* wsolTests-Info.plist */ = {isa = PBXFileReference; lastKnownFileType = text.plist.xml; path = "wsolTests-Info.plist"; sourceTree = "<group>"; };
		09A3C39819B1CEF800E46114 /* en */ = {isa = PBXFileReference; lastKnownFileType = text.plist.strings; name = en; path = en.lproj/InfoPlist.strings; sourceTree = "<group>"; };
		09A3C39A19B1CEF800E46114 /* wsolTests.m */ = {isa = PBXFileReference; lastKnownFileType = sourcecode.c.objc; path = wsolTests.m; sourceTree = "<group>"; };
		09A3C3A419B1CF3900E46114 /* WeaponVC.h */ = {isa = PBXFileReference; fileEncoding = 4; lastKnownFileType = sourcecode.c.h; path = WeaponVC.h; sourceTree = "<group>"; };
		09A3C3A519B1CF3900E46114 /* WeaponVC.m */ = {isa = PBXFileReference; fileEncoding = 4; lastKnownFileType = sourcecode.c.objc; path = WeaponVC.m; sourceTree = "<group>"; };
		09A3C3A619B1CF3900E46114 /* WeaponVC.xib */ = {isa = PBXFileReference; fileEncoding = 4; lastKnownFileType = file.xib; path = WeaponVC.xib; sourceTree = "<group>"; };
		09A3C3A719B1CF3900E46114 /* WeaponTVC.h */ = {isa = PBXFileReference; fileEncoding = 4; lastKnownFileType = sourcecode.c.h; path = WeaponTVC.h; sourceTree = "<group>"; };
		09A3C3A819B1CF3900E46114 /* WeaponTVC.m */ = {isa = PBXFileReference; fileEncoding = 4; lastKnownFileType = sourcecode.c.objc; path = WeaponTVC.m; sourceTree = "<group>"; };
		09A3C3A919B1CF3900E46114 /* WeaponTVC.xib */ = {isa = PBXFileReference; fileEncoding = 4; lastKnownFileType = file.xib; path = WeaponTVC.xib; sourceTree = "<group>"; };
		09A42E6719F3E271007D2707 /* WuxuVC.h */ = {isa = PBXFileReference; fileEncoding = 4; lastKnownFileType = sourcecode.c.h; path = WuxuVC.h; sourceTree = "<group>"; };
		09A42E6819F3E271007D2707 /* WuxuVC.m */ = {isa = PBXFileReference; fileEncoding = 4; lastKnownFileType = sourcecode.c.objc; path = WuxuVC.m; sourceTree = "<group>"; };
		09A42E6919F3E271007D2707 /* WuxuVC.xib */ = {isa = PBXFileReference; fileEncoding = 4; lastKnownFileType = file.xib; path = WuxuVC.xib; sourceTree = "<group>"; };
		09A42E6D19F3E3E0007D2707 /* wuxu1.jpg */ = {isa = PBXFileReference; lastKnownFileType = image.jpeg; path = wuxu1.jpg; sourceTree = "<group>"; };
		09CDC2001A5E2A4D0066D5B9 /* BmobSDK.framework */ = {isa = PBXFileReference; lastKnownFileType = wrapper.framework; path = BmobSDK.framework; sourceTree = "<group>"; };
		09CDC2021A5E2A9F0066D5B9 /* CoreLocation.framework */ = {isa = PBXFileReference; lastKnownFileType = wrapper.framework; name = CoreLocation.framework; path = System/Library/Frameworks/CoreLocation.framework; sourceTree = SDKROOT; };
		09CDC2041A5E2AD60066D5B9 /* libicucore.dylib */ = {isa = PBXFileReference; lastKnownFileType = "compiled.mach-o.dylib"; name = libicucore.dylib; path = usr/lib/libicucore.dylib; sourceTree = SDKROOT; };
		09CDC2061A5E2B040066D5B9 /* AVFoundation.framework */ = {isa = PBXFileReference; lastKnownFileType = wrapper.framework; name = AVFoundation.framework; path = System/Library/Frameworks/AVFoundation.framework; sourceTree = SDKROOT; };
		09CDC2081A5E2B190066D5B9 /* MediaPlayer.framework */ = {isa = PBXFileReference; lastKnownFileType = wrapper.framework; name = MediaPlayer.framework; path = System/Library/Frameworks/MediaPlayer.framework; sourceTree = SDKROOT; };
		09CDC20F1A5E3D7A0066D5B9 /* WeilixishuVC.h */ = {isa = PBXFileReference; fileEncoding = 4; lastKnownFileType = sourcecode.c.h; path = WeilixishuVC.h; sourceTree = "<group>"; };
		09CDC2101A5E3D7A0066D5B9 /* WeilixishuVC.m */ = {isa = PBXFileReference; fileEncoding = 4; lastKnownFileType = sourcecode.c.objc; path = WeilixishuVC.m; sourceTree = "<group>"; };
		09E9D1F21A388BE90023A68B /* StoreKit.framework */ = {isa = PBXFileReference; lastKnownFileType = wrapper.framework; name = StoreKit.framework; path = System/Library/Frameworks/StoreKit.framework; sourceTree = SDKROOT; };
		09E9D1F41A388BF40023A68B /* ImageIO.framework */ = {isa = PBXFileReference; lastKnownFileType = wrapper.framework; name = ImageIO.framework; path = System/Library/Frameworks/ImageIO.framework; sourceTree = SDKROOT; };
		09E9D1F61A388C0B0023A68B /* libsqlite3.dylib */ = {isa = PBXFileReference; lastKnownFileType = "compiled.mach-o.dylib"; name = libsqlite3.dylib; path = usr/lib/libsqlite3.dylib; sourceTree = SDKROOT; };
		09E9D1F81A38966A0023A68B /* PianzimingdanVC.h */ = {isa = PBXFileReference; fileEncoding = 4; lastKnownFileType = sourcecode.c.h; path = PianzimingdanVC.h; sourceTree = "<group>"; };
		09E9D1F91A38966A0023A68B /* PianzimingdanVC.m */ = {isa = PBXFileReference; fileEncoding = 4; lastKnownFileType = sourcecode.c.objc; path = PianzimingdanVC.m; sourceTree = "<group>"; };
		09FA19C319BC74CF00DF60D5 /* TWTSideMenuViewController.h */ = {isa = PBXFileReference; fileEncoding = 4; lastKnownFileType = sourcecode.c.h; path = TWTSideMenuViewController.h; sourceTree = "<group>"; };
		09FA19C419BC74CF00DF60D5 /* TWTSideMenuViewController.m */ = {isa = PBXFileReference; fileEncoding = 4; lastKnownFileType = sourcecode.c.objc; path = TWTSideMenuViewController.m; sourceTree = "<group>"; };
		09FA19CB19BC7FB000DF60D5 /* LoadhtmlVC.h */ = {isa = PBXFileReference; fileEncoding = 4; lastKnownFileType = sourcecode.c.h; path = LoadhtmlVC.h; sourceTree = "<group>"; };
		09FA19CC19BC7FB000DF60D5 /* LoadhtmlVC.m */ = {isa = PBXFileReference; fileEncoding = 4; lastKnownFileType = sourcecode.c.objc; path = LoadhtmlVC.m; sourceTree = "<group>"; };
		09FA19CD19BC7FB000DF60D5 /* LoadhtmlVC.xib */ = {isa = PBXFileReference; fileEncoding = 4; lastKnownFileType = file.xib; path = LoadhtmlVC.xib; sourceTree = "<group>"; };
		09FA19D319BC94F200DF60D5 /* LoadtxtVC.h */ = {isa = PBXFileReference; fileEncoding = 4; lastKnownFileType = sourcecode.c.h; path = LoadtxtVC.h; sourceTree = "<group>"; };
		09FA19D419BC94F200DF60D5 /* LoadtxtVC.m */ = {isa = PBXFileReference; fileEncoding = 4; lastKnownFileType = sourcecode.c.objc; path = LoadtxtVC.m; sourceTree = "<group>"; };
		09FA19D519BC94F200DF60D5 /* LoadtxtVC.xib */ = {isa = PBXFileReference; fileEncoding = 4; lastKnownFileType = file.xib; path = LoadtxtVC.xib; sourceTree = "<group>"; };
		09FAD83C19B379B700A30E35 /* libMobClickLibrary.a */ = {isa = PBXFileReference; lastKnownFileType = archive.ar; path = libMobClickLibrary.a; sourceTree = "<group>"; };
		09FAD83D19B379B700A30E35 /* MobClick.h */ = {isa = PBXFileReference; fileEncoding = 4; lastKnownFileType = sourcecode.c.h; path = MobClick.h; sourceTree = "<group>"; };
		09FAD83E19B379B700A30E35 /* MobClickSocialAnalytics.h */ = {isa = PBXFileReference; fileEncoding = 4; lastKnownFileType = sourcecode.c.h; path = MobClickSocialAnalytics.h; sourceTree = "<group>"; };
		09FAD84019B379B700A30E35 /* libz.dylib */ = {isa = PBXFileReference; lastKnownFileType = "compiled.mach-o.dylib"; name = libz.dylib; path = usr/lib/libz.dylib; sourceTree = SDKROOT; };
/* End PBXFileReference section */

/* Begin PBXFrameworksBuildPhase section */
		09A3C36F19B1CEF800E46114 /* Frameworks */ = {
			isa = PBXFrameworksBuildPhase;
			buildActionMask = 2147483647;
			files = (
				09CDC2091A5E2B190066D5B9 /* MediaPlayer.framework in Frameworks */,
				09CDC2071A5E2B040066D5B9 /* AVFoundation.framework in Frameworks */,
				09CDC2051A5E2AD70066D5B9 /* libicucore.dylib in Frameworks */,
				09CDC2031A5E2A9F0066D5B9 /* CoreLocation.framework in Frameworks */,
				09E9D1F71A388C0B0023A68B /* libsqlite3.dylib in Frameworks */,
				09E9D1F51A388BF40023A68B /* ImageIO.framework in Frameworks */,
				09E9D1F31A388BE90023A68B /* StoreKit.framework in Frameworks */,
				0982041B1A318B8F000655F9 /* libz.1.2.5.dylib in Frameworks */,
				098204191A318B6D000655F9 /* MobileCoreServices.framework in Frameworks */,
				098204171A318B51000655F9 /* CFNetwork.framework in Frameworks */,
				09365D9B1A30667400A3E8E8 /* SystemConfiguration.framework in Frameworks */,
				09365D991A30666800A3E8E8 /* CoreTelephony.framework in Frameworks */,
				09365D971A30665A00A3E8E8 /* Security.framework in Frameworks */,
				09365D951A30664E00A3E8E8 /* QuartzCore.framework in Frameworks */,
				09FAD84119B379B700A30E35 /* libz.dylib in Frameworks */,
				09A3C37819B1CEF800E46114 /* CoreGraphics.framework in Frameworks */,
				09CDC2011A5E2A4D0066D5B9 /* BmobSDK.framework in Frameworks */,
				09A3C37A19B1CEF800E46114 /* UIKit.framework in Frameworks */,
				09A3C37619B1CEF800E46114 /* Foundation.framework in Frameworks */,
				09FAD83F19B379B700A30E35 /* libMobClickLibrary.a in Frameworks */,
			);
			runOnlyForDeploymentPostprocessing = 0;
		};
		09A3C38A19B1CEF800E46114 /* Frameworks */ = {
			isa = PBXFrameworksBuildPhase;
			buildActionMask = 2147483647;
			files = (
				09A3C38F19B1CEF800E46114 /* XCTest.framework in Frameworks */,
				09A3C39119B1CEF800E46114 /* UIKit.framework in Frameworks */,
				09A3C39019B1CEF800E46114 /* Foundation.framework in Frameworks */,
			);
			runOnlyForDeploymentPostprocessing = 0;
		};
/* End PBXFrameworksBuildPhase section */

/* Begin PBXGroup section */
		093200A11A394F5100A323BA /* model */ = {
			isa = PBXGroup;
			children = (
				093200A51A394FDC00A323BA /* Pianzi.h */,
				093200A61A394FDC00A323BA /* Pianzi.m */,
			);
			name = model;
			sourceTree = "<group>";
		};
		093200AB1A3958AE00A323BA /* TouchJson */ = {
			isa = PBXGroup;
			children = (
				093200AC1A3958AE00A323BA /* CDataScanner.h */,
				093200AD1A3958AE00A323BA /* CDataScanner.m */,
				093200AE1A3958AE00A323BA /* Experimental */,
				093200B71A3958AE00A323BA /* Extensions */,
				093200BC1A3958AE00A323BA /* JSON */,
				093200C41A3958AE00A323BA /* SBJson */,
			);
			path = TouchJson;
			sourceTree = "<group>";
		};
		093200AE1A3958AE00A323BA /* Experimental */ = {
			isa = PBXGroup;
			children = (
				093200AF1A3958AE00A323BA /* CFilteringJSONSerializer.h */,
				093200B01A3958AE00A323BA /* CFilteringJSONSerializer.m */,
				093200B11A3958AE00A323BA /* CJSONDeserializer_BlocksExtensions.h */,
				093200B21A3958AE00A323BA /* CJSONDeserializer_BlocksExtensions.m */,
				093200B31A3958AE00A323BA /* CJSONSerialization.h */,
				093200B41A3958AE00A323BA /* CJSONSerialization.m */,
				093200B51A3958AE00A323BA /* CJSONSerializedData.h */,
				093200B61A3958AE00A323BA /* CJSONSerializedData.m */,
			);
			path = Experimental;
			sourceTree = "<group>";
		};
		093200B71A3958AE00A323BA /* Extensions */ = {
			isa = PBXGroup;
			children = (
				093200B81A3958AE00A323BA /* CDataScanner_Extensions.h */,
				093200B91A3958AE00A323BA /* CDataScanner_Extensions.m */,
				093200BA1A3958AE00A323BA /* NSDictionary_JSONExtensions.h */,
				093200BB1A3958AE00A323BA /* NSDictionary_JSONExtensions.m */,
			);
			path = Extensions;
			sourceTree = "<group>";
		};
		093200BC1A3958AE00A323BA /* JSON */ = {
			isa = PBXGroup;
			children = (
				093200BD1A3958AE00A323BA /* CJSONDeserializer.h */,
				093200BE1A3958AE00A323BA /* CJSONDeserializer.m */,
				093200BF1A3958AE00A323BA /* CJSONScanner.h */,
				093200C01A3958AE00A323BA /* CJSONScanner.m */,
				093200C11A3958AE00A323BA /* CJSONSerializer.h */,
				093200C21A3958AE00A323BA /* CJSONSerializer.m */,
				093200C31A3958AE00A323BA /* JSONRepresentation.h */,
			);
			path = JSON;
			sourceTree = "<group>";
		};
		093200C41A3958AE00A323BA /* SBJson */ = {
			isa = PBXGroup;
			children = (
				093200C51A3958AE00A323BA /* NSObject+SBJson.h */,
				093200C61A3958AE00A323BA /* NSObject+SBJson.m */,
				093200C71A3958AE00A323BA /* SBJson.h */,
				093200C81A3958AE00A323BA /* SBJsonParser.h */,
				093200C91A3958AE00A323BA /* SBJsonParser.m */,
				093200CA1A3958AE00A323BA /* SBJsonStreamParser.h */,
				093200CB1A3958AE00A323BA /* SBJsonStreamParser.m */,
				093200CC1A3958AE00A323BA /* SBJsonStreamParserAccumulator.h */,
				093200CD1A3958AE00A323BA /* SBJsonStreamParserAccumulator.m */,
				093200CE1A3958AE00A323BA /* SBJsonStreamParserAdapter.h */,
				093200CF1A3958AE00A323BA /* SBJsonStreamParserAdapter.m */,
				093200D01A3958AE00A323BA /* SBJsonStreamParserState.h */,
				093200D11A3958AE00A323BA /* SBJsonStreamParserState.m */,
				093200D21A3958AE00A323BA /* SBJsonStreamWriter.h */,
				093200D31A3958AE00A323BA /* SBJsonStreamWriter.m */,
				093200D41A3958AE00A323BA /* SBJsonStreamWriterAccumulator.h */,
				093200D51A3958AE00A323BA /* SBJsonStreamWriterAccumulator.m */,
				093200D61A3958AE00A323BA /* SBJsonStreamWriterState.h */,
				093200D71A3958AE00A323BA /* SBJsonStreamWriterState.m */,
				093200D81A3958AE00A323BA /* SBJsonTokeniser.h */,
				093200D91A3958AE00A323BA /* SBJsonTokeniser.m */,
				093200DA1A3958AE00A323BA /* SBJsonUTF8Stream.h */,
				093200DB1A3958AE00A323BA /* SBJsonUTF8Stream.m */,
				093200DC1A3958AE00A323BA /* SBJsonWriter.h */,
				093200DD1A3958AE00A323BA /* SBJsonWriter.m */,
			);
			path = SBJson;
			sourceTree = "<group>";
		};
		093201061A39A34F00A323BA /* EGOImageLoading */ = {
			isa = PBXGroup;
			children = (
				0932010A1A39A4B100A323BA /* EGOCache */,
				0932010B1A39A4B100A323BA /* EGOImageButton */,
				0932010E1A39A4B100A323BA /* EGOImageLoader */,
				093201131A39A4B100A323BA /* EGOImageView */,
				093201071A39A36700A323BA /* EGOCache.h */,
				093201081A39A36700A323BA /* EGOCache.m */,
			);
			name = EGOImageLoading;
			sourceTree = "<group>";
		};
		0932010A1A39A4B100A323BA /* EGOCache */ = {
			isa = PBXGroup;
			children = (
			);
			path = EGOCache;
			sourceTree = "<group>";
		};
		0932010B1A39A4B100A323BA /* EGOImageButton */ = {
			isa = PBXGroup;
			children = (
				0932010C1A39A4B100A323BA /* EGOImageButton.h */,
				0932010D1A39A4B100A323BA /* EGOImageButton.m */,
			);
			path = EGOImageButton;
			sourceTree = "<group>";
		};
		0932010E1A39A4B100A323BA /* EGOImageLoader */ = {
			isa = PBXGroup;
			children = (
				0932010F1A39A4B100A323BA /* EGOImageLoadConnection.h */,
				093201101A39A4B100A323BA /* EGOImageLoadConnection.m */,
				093201111A39A4B100A323BA /* EGOImageLoader.h */,
				093201121A39A4B100A323BA /* EGOImageLoader.m */,
			);
			path = EGOImageLoader;
			sourceTree = "<group>";
		};
		093201131A39A4B100A323BA /* EGOImageView */ = {
			isa = PBXGroup;
			children = (
				093201141A39A4B100A323BA /* EGOImageView.h */,
				093201151A39A4B100A323BA /* EGOImageView.m */,
			);
			path = EGOImageView;
			sourceTree = "<group>";
		};
		094807641A42272700FD519D /* Scrolling Ticker Class */ = {
			isa = PBXGroup;
			children = (
				094807651A42275200FD519D /* DMScrollingTicker.h */,
				094807661A42275200FD519D /* DMScrollingTicker.m */,
			);
			name = "Scrolling Ticker Class";
			sourceTree = "<group>";
		};
		0957109519BD3F2C0044B76B /* txt */ = {
			isa = PBXGroup;
			children = (
				0957109619BD3F4D0044B76B /* fujiang.txt */,
			);
			name = txt;
			sourceTree = "<group>";
		};
		098203F11A318A8A000655F9 /* ASIHttpLib */ = {
			isa = PBXGroup;
			children = (
				098203F21A318A8A000655F9 /* ASIAuthenticationDialog.h */,
				098203F31A318A8A000655F9 /* ASIAuthenticationDialog.m */,
				098203F41A318A8A000655F9 /* ASICacheDelegate.h */,
				098203F51A318A8A000655F9 /* ASIDataCompressor.h */,
				098203F61A318A8A000655F9 /* ASIDataCompressor.m */,
				098203F71A318A8A000655F9 /* ASIDataDecompressor.h */,
				098203F81A318A8A000655F9 /* ASIDataDecompressor.m */,
				098203F91A318A8A000655F9 /* ASIDownloadCache.h */,
				098203FA1A318A8A000655F9 /* ASIDownloadCache.m */,
				098203FB1A318A8A000655F9 /* ASIFormDataRequest.h */,
				098203FC1A318A8A000655F9 /* ASIFormDataRequest.m */,
				098203FD1A318A8A000655F9 /* ASIHTTPRequest.h */,
				098203FE1A318A8A000655F9 /* ASIHTTPRequest.m */,
				098203FF1A318A8A000655F9 /* ASIHTTPRequestConfig.h */,
				098204001A318A8A000655F9 /* ASIHTTPRequestDelegate.h */,
				098204011A318A8A000655F9 /* ASIInputStream.h */,
				098204021A318A8A000655F9 /* ASIInputStream.m */,
				098204031A318A8A000655F9 /* ASINetworkQueue.h */,
				098204041A318A8A000655F9 /* ASINetworkQueue.m */,
				098204051A318A8A000655F9 /* ASIProgressDelegate.h */,
				098204061A318A8A000655F9 /* External */,
			);
			path = ASIHttpLib;
			sourceTree = "<group>";
		};
		098204061A318A8A000655F9 /* External */ = {
			isa = PBXGroup;
			children = (
				098204071A318A8A000655F9 /* GHUnit */,
				098204091A318A8A000655F9 /* Reachability */,
			);
			path = External;
			sourceTree = "<group>";
		};
		098204071A318A8A000655F9 /* GHUnit */ = {
			isa = PBXGroup;
			children = (
				098204081A318A8A000655F9 /* README-GHUnit */,
			);
			path = GHUnit;
			sourceTree = "<group>";
		};
		098204091A318A8A000655F9 /* Reachability */ = {
			isa = PBXGroup;
			children = (
				0982040A1A318A8A000655F9 /* PKReachability.h */,
				0982040B1A318A8A000655F9 /* PKReachability.m */,
			);
			path = Reachability;
			sourceTree = "<group>";
		};
		098204291A319DD9000655F9 /* 第三方支持库 */ = {
			isa = PBXGroup;
			children = (
				09CDC2001A5E2A4D0066D5B9 /* BmobSDK.framework */,
				094807641A42272700FD519D /* Scrolling Ticker Class */,
				093201061A39A34F00A323BA /* EGOImageLoading */,
				093200AB1A3958AE00A323BA /* TouchJson */,
				09FAD83B19B379B700A30E35 /* UMAnalytics_Sdk_3.1.2 */,
				098203F11A318A8A000655F9 /* ASIHttpLib */,
				09FA19C219BC74CF00DF60D5 /* TWTSideMenuViewController */,
			);
			name = "第三方支持库";
			sourceTree = "<group>";
		};
		0982042A1A319E36000655F9 /* Helper */ = {
			isa = PBXGroup;
			children = (
				0982042B1A319E49000655F9 /* PMHelper.h */,
				0982042C1A319E49000655F9 /* PMHelper.m */,
				093200A81A3956A000A323BA /* Utils.h */,
				093200A91A3956A000A323BA /* Utils.m */,
			);
			name = Helper;
			sourceTree = "<group>";
		};
		09A3C36919B1CEF800E46114 = {
			isa = PBXGroup;
			children = (
				098204291A319DD9000655F9 /* 第三方支持库 */,
				0957109519BD3F2C0044B76B /* txt */,
				09FA19D019BC801800DF60D5 /* web */,
				09A3C37B19B1CEF800E46114 /* wsol */,
				09A3C39419B1CEF800E46114 /* wsolTests */,
				09A3C37419B1CEF800E46114 /* Frameworks */,
				09A3C37319B1CEF800E46114 /* Products */,
			);
			sourceTree = "<group>";
		};
		09A3C37319B1CEF800E46114 /* Products */ = {
			isa = PBXGroup;
			children = (
				09A3C37219B1CEF800E46114 /* 我的无双攻略.app */,
				09A3C38D19B1CEF800E46114 /* wsolTests.xctest */,
			);
			name = Products;
			sourceTree = "<group>";
		};
		09A3C37419B1CEF800E46114 /* Frameworks */ = {
			isa = PBXGroup;
			children = (
				09CDC2081A5E2B190066D5B9 /* MediaPlayer.framework */,
				09CDC2061A5E2B040066D5B9 /* AVFoundation.framework */,
				09CDC2041A5E2AD60066D5B9 /* libicucore.dylib */,
				09CDC2021A5E2A9F0066D5B9 /* CoreLocation.framework */,
				09E9D1F61A388C0B0023A68B /* libsqlite3.dylib */,
				09E9D1F41A388BF40023A68B /* ImageIO.framework */,
				09E9D1F21A388BE90023A68B /* StoreKit.framework */,
				0982041A1A318B8F000655F9 /* libz.1.2.5.dylib */,
				098204181A318B6D000655F9 /* MobileCoreServices.framework */,
				098204161A318B51000655F9 /* CFNetwork.framework */,
				09365D9A1A30667400A3E8E8 /* SystemConfiguration.framework */,
				09365D981A30666800A3E8E8 /* CoreTelephony.framework */,
				09365D961A30665A00A3E8E8 /* Security.framework */,
				09365D941A30664E00A3E8E8 /* QuartzCore.framework */,
				09365D921A30664200A3E8E8 /* AdSupport.framework */,
				09FAD84019B379B700A30E35 /* libz.dylib */,
				09A3C37519B1CEF800E46114 /* Foundation.framework */,
				09A3C37719B1CEF800E46114 /* CoreGraphics.framework */,
				09A3C37919B1CEF800E46114 /* UIKit.framework */,
				09A3C38E19B1CEF800E46114 /* XCTest.framework */,
			);
			name = Frameworks;
			sourceTree = "<group>";
		};
		09A3C37B19B1CEF800E46114 /* wsol */ = {
			isa = PBXGroup;
			children = (
				093200A11A394F5100A323BA /* model */,
				0982042A1A319E36000655F9 /* Helper */,
				09A42E6519F3E19B007D2707 /* 任务 */,
				09A3C3A419B1CF3900E46114 /* WeaponVC.h */,
				09A3C3A519B1CF3900E46114 /* WeaponVC.m */,
				09A3C3A619B1CF3900E46114 /* WeaponVC.xib */,
				09A3C3A719B1CF3900E46114 /* WeaponTVC.h */,
				09A3C3A819B1CF3900E46114 /* WeaponTVC.m */,
				09A3C3A919B1CF3900E46114 /* WeaponTVC.xib */,
				09FA19CB19BC7FB000DF60D5 /* LoadhtmlVC.h */,
				09FA19CC19BC7FB000DF60D5 /* LoadhtmlVC.m */,
				09FA19CD19BC7FB000DF60D5 /* LoadhtmlVC.xib */,
				09FA19D319BC94F200DF60D5 /* LoadtxtVC.h */,
				09FA19D419BC94F200DF60D5 /* LoadtxtVC.m */,
				09FA19D519BC94F200DF60D5 /* LoadtxtVC.xib */,
				09A3C38419B1CEF800E46114 /* WLXAppDelegate.h */,
				09A3C38519B1CEF800E46114 /* WLXAppDelegate.m */,
				09A19A5219BEAB7D000900BA /* MenuTableVC.h */,
				09A19A5319BEAB7D000900BA /* MenuTableVC.m */,
				09A19A5419BEAB7D000900BA /* MenuTableVC.xib */,
				098204211A31966C000655F9 /* MeizhouhuodongVC.h */,
				098204221A31966C000655F9 /* MeizhouhuodongVC.m */,
				09E9D1F81A38966A0023A68B /* PianzimingdanVC.h */,
				09E9D1F91A38966A0023A68B /* PianzimingdanVC.m */,
				093200F41A39701500A323BA /* PianziTVC.h */,
				093200F51A39701500A323BA /* PianziTVC.m */,
				093200F61A39701500A323BA /* PianziTVC.xib */,
				09CDC20F1A5E3D7A0066D5B9 /* WeilixishuVC.h */,
				09CDC2101A5E3D7A0066D5B9 /* WeilixishuVC.m */,
				09A3C38719B1CEF800E46114 /* Images.xcassets */,
				098204271A319A33000655F9 /* tableview_background.png */,
				09A3C37C19B1CEF800E46114 /* Supporting Files */,
			);
			path = wsol;
			sourceTree = "<group>";
		};
		09A3C37C19B1CEF800E46114 /* Supporting Files */ = {
			isa = PBXGroup;
			children = (
				098204361A31BCC7000655F9 /* Default-568h@2x.png */,
				098204371A31BCC7000655F9 /* Default@2x.png */,
				09A3C37D19B1CEF800E46114 /* wsol-Info.plist */,
				09A3C37E19B1CEF800E46114 /* InfoPlist.strings */,
				09A3C38119B1CEF800E46114 /* main.m */,
				09A3C38319B1CEF800E46114 /* wsol-Prefix.pch */,
				09A19A5719BEAD22000900BA /* menuPlist.plist */,
				09A19A5919BEDAB7000900BA /* typePlist.plist */,
			);
			name = "Supporting Files";
			sourceTree = "<group>";
		};
		09A3C39419B1CEF800E46114 /* wsolTests */ = {
			isa = PBXGroup;
			children = (
				09A3C39A19B1CEF800E46114 /* wsolTests.m */,
				09A3C39519B1CEF800E46114 /* Supporting Files */,
			);
			path = wsolTests;
			sourceTree = "<group>";
		};
		09A3C39519B1CEF800E46114 /* Supporting Files */ = {
			isa = PBXGroup;
			children = (
				09A3C39619B1CEF800E46114 /* wsolTests-Info.plist */,
				09A3C39719B1CEF800E46114 /* InfoPlist.strings */,
			);
			name = "Supporting Files";
			sourceTree = "<group>";
		};
		09A42E6519F3E19B007D2707 /* 任务 */ = {
			isa = PBXGroup;
			children = (
				09A42E6619F3E1A4007D2707 /* A级 */,
			);
			name = "任务";
			sourceTree = "<group>";
		};
		09A42E6619F3E1A4007D2707 /* A级 */ = {
			isa = PBXGroup;
			children = (
				09A42E6C19F3E3BF007D2707 /* 图片 */,
				09A42E6719F3E271007D2707 /* WuxuVC.h */,
				09A42E6819F3E271007D2707 /* WuxuVC.m */,
				09A42E6919F3E271007D2707 /* WuxuVC.xib */,
			);
			name = "A级";
			sourceTree = "<group>";
		};
		09A42E6C19F3E3BF007D2707 /* 图片 */ = {
			isa = PBXGroup;
			children = (
				09A42E6D19F3E3E0007D2707 /* wuxu1.jpg */,
			);
			name = "图片";
			sourceTree = "<group>";
		};
		09FA19C219BC74CF00DF60D5 /* TWTSideMenuViewController */ = {
			isa = PBXGroup;
			children = (
				09FA19C319BC74CF00DF60D5 /* TWTSideMenuViewController.h */,
				09FA19C419BC74CF00DF60D5 /* TWTSideMenuViewController.m */,
			);
			path = TWTSideMenuViewController;
			sourceTree = "<group>";
		};
		09FA19D019BC801800DF60D5 /* web */ = {
			isa = PBXGroup;
			children = (
				095710A019BD493F0044B76B /* renwudengji.html */,
				0957109C19BD418F0044B76B /* renwubaochou.html */,
			);
			name = web;
			sourceTree = "<group>";
		};
		09FAD83B19B379B700A30E35 /* UMAnalytics_Sdk_3.1.2 */ = {
			isa = PBXGroup;
			children = (
				09FAD83C19B379B700A30E35 /* libMobClickLibrary.a */,
				09FAD83D19B379B700A30E35 /* MobClick.h */,
				09FAD83E19B379B700A30E35 /* MobClickSocialAnalytics.h */,
			);
			path = UMAnalytics_Sdk_3.1.2;
			sourceTree = "<group>";
		};
/* End PBXGroup section */

/* Begin PBXNativeTarget section */
		09A3C37119B1CEF800E46114 /* wsol */ = {
			isa = PBXNativeTarget;
			buildConfigurationList = 09A3C39E19B1CEF800E46114 /* Build configuration list for PBXNativeTarget "wsol" */;
			buildPhases = (
				09A3C36E19B1CEF800E46114 /* Sources */,
				09A3C36F19B1CEF800E46114 /* Frameworks */,
				09A3C37019B1CEF800E46114 /* Resources */,
			);
			buildRules = (
			);
			dependencies = (
			);
			name = wsol;
			productName = wsol;
			productReference = 09A3C37219B1CEF800E46114 /* 我的无双攻略.app */;
			productType = "com.apple.product-type.application";
		};
		09A3C38C19B1CEF800E46114 /* wsolTests */ = {
			isa = PBXNativeTarget;
			buildConfigurationList = 09A3C3A119B1CEF800E46114 /* Build configuration list for PBXNativeTarget "wsolTests" */;
			buildPhases = (
				09A3C38919B1CEF800E46114 /* Sources */,
				09A3C38A19B1CEF800E46114 /* Frameworks */,
				09A3C38B19B1CEF800E46114 /* Resources */,
			);
			buildRules = (
			);
			dependencies = (
				09A3C39319B1CEF800E46114 /* PBXTargetDependency */,
			);
			name = wsolTests;
			productName = wsolTests;
			productReference = 09A3C38D19B1CEF800E46114 /* wsolTests.xctest */;
			productType = "com.apple.product-type.bundle.unit-test";
		};
/* End PBXNativeTarget section */

/* Begin PBXProject section */
		09A3C36A19B1CEF800E46114 /* Project object */ = {
			isa = PBXProject;
			attributes = {
				CLASSPREFIX = WLX;
				LastUpgradeCheck = 0510;
				ORGANIZATIONNAME = wlx;
				TargetAttributes = {
					09A3C37119B1CEF800E46114 = {
						DevelopmentTeam = D246HBH8U8;
					};
					09A3C38C19B1CEF800E46114 = {
						TestTargetID = 09A3C37119B1CEF800E46114;
					};
				};
			};
			buildConfigurationList = 09A3C36D19B1CEF800E46114 /* Build configuration list for PBXProject "wsol" */;
			compatibilityVersion = "Xcode 3.2";
			developmentRegion = English;
			hasScannedForEncodings = 0;
			knownRegions = (
				en,
			);
			mainGroup = 09A3C36919B1CEF800E46114;
			productRefGroup = 09A3C37319B1CEF800E46114 /* Products */;
			projectDirPath = "";
			projectRoot = "";
			targets = (
				09A3C37119B1CEF800E46114 /* wsol */,
				09A3C38C19B1CEF800E46114 /* wsolTests */,
			);
		};
/* End PBXProject section */

/* Begin PBXResourcesBuildPhase section */
		09A3C37019B1CEF800E46114 /* Resources */ = {
			isa = PBXResourcesBuildPhase;
			buildActionMask = 2147483647;
			files = (
				09A3C38019B1CEF800E46114 /* InfoPlist.strings in Resources */,
				09FA19D719BC94F200DF60D5 /* LoadtxtVC.xib in Resources */,
				0957109719BD3F4D0044B76B /* fujiang.txt in Resources */,
				09A3C3AD19B1CF3900E46114 /* WeaponTVC.xib in Resources */,
				09A3C3AB19B1CF3900E46114 /* WeaponVC.xib in Resources */,
				098204141A318A8A000655F9 /* README-GHUnit in Resources */,
				09A42E6B19F3E271007D2707 /* WuxuVC.xib in Resources */,
				09A19A5A19BEDAB7000900BA /* typePlist.plist in Resources */,
				098204381A31BCC7000655F9 /* Default-568h@2x.png in Resources */,
				09A3C38819B1CEF800E46114 /* Images.xcassets in Resources */,
				095710A119BD493F0044B76B /* renwudengji.html in Resources */,
				09A19A5819BEAD22000900BA /* menuPlist.plist in Resources */,
				098204391A31BCC7000655F9 /* Default@2x.png in Resources */,
				09FA19CF19BC7FB000DF60D5 /* LoadhtmlVC.xib in Resources */,
				093200F81A39701500A323BA /* PianziTVC.xib in Resources */,
				0957109D19BD418F0044B76B /* renwubaochou.html in Resources */,
				098204281A319A33000655F9 /* tableview_background.png in Resources */,
				09A19A5619BEAB7D000900BA /* MenuTableVC.xib in Resources */,
				09A42E6E19F3E3E0007D2707 /* wuxu1.jpg in Resources */,
			);
			runOnlyForDeploymentPostprocessing = 0;
		};
		09A3C38B19B1CEF800E46114 /* Resources */ = {
			isa = PBXResourcesBuildPhase;
			buildActionMask = 2147483647;
			files = (
				09A3C39919B1CEF800E46114 /* InfoPlist.strings in Resources */,
			);
			runOnlyForDeploymentPostprocessing = 0;
		};
/* End PBXResourcesBuildPhase section */

/* Begin PBXSourcesBuildPhase section */
		09A3C36E19B1CEF800E46114 /* Sources */ = {
			isa = PBXSourcesBuildPhase;
			buildActionMask = 2147483647;
			files = (
				093200E11A3958AE00A323BA /* CJSONSerialization.m in Sources */,
				093201091A39A36700A323BA /* EGOCache.m in Sources */,
				094807671A42275200FD519D /* DMScrollingTicker.m in Sources */,
				09E9D1FA1A38966A0023A68B /* PianzimingdanVC.m in Sources */,
				093200F71A39701500A323BA /* PianziTVC.m in Sources */,
				093200E31A3958AE00A323BA /* CDataScanner_Extensions.m in Sources */,
				093200DF1A3958AE00A323BA /* CFilteringJSONSerializer.m in Sources */,
				093200E81A3958AE00A323BA /* NSObject+SBJson.m in Sources */,
				093200EC1A3958AE00A323BA /* SBJsonStreamParserAdapter.m in Sources */,
				09A3C38619B1CEF800E46114 /* WLXAppDelegate.m in Sources */,
				098204111A318A8A000655F9 /* ASIHTTPRequest.m in Sources */,
				098204131A318A8A000655F9 /* ASINetworkQueue.m in Sources */,
				093200E51A3958AE00A323BA /* CJSONDeserializer.m in Sources */,
				093200A71A394FDC00A323BA /* Pianzi.m in Sources */,
				098204121A318A8A000655F9 /* ASIInputStream.m in Sources */,
				093201181A39A4B100A323BA /* EGOImageLoader.m in Sources */,
				0982040E1A318A8A000655F9 /* ASIDataDecompressor.m in Sources */,
				093200E41A3958AE00A323BA /* NSDictionary_JSONExtensions.m in Sources */,
				093200E71A3958AE00A323BA /* CJSONSerializer.m in Sources */,
				093200F21A3958AE00A323BA /* SBJsonUTF8Stream.m in Sources */,
				093200ED1A3958AE00A323BA /* SBJsonStreamParserState.m in Sources */,
				09FA19D619BC94F200DF60D5 /* LoadtxtVC.m in Sources */,
				093200EA1A3958AE00A323BA /* SBJsonStreamParser.m in Sources */,
				093201161A39A4B100A323BA /* EGOImageButton.m in Sources */,
				093200DE1A3958AE00A323BA /* CDataScanner.m in Sources */,
				098204231A31966C000655F9 /* MeizhouhuodongVC.m in Sources */,
				09FA19C519BC74CF00DF60D5 /* TWTSideMenuViewController.m in Sources */,
				093200F01A3958AE00A323BA /* SBJsonStreamWriterState.m in Sources */,
				093200E61A3958AE00A323BA /* CJSONScanner.m in Sources */,
				09A42E6A19F3E271007D2707 /* WuxuVC.m in Sources */,
				093200EE1A3958AE00A323BA /* SBJsonStreamWriter.m in Sources */,
				093200EB1A3958AE00A323BA /* SBJsonStreamParserAccumulator.m in Sources */,
				0982040F1A318A8A000655F9 /* ASIDownloadCache.m in Sources */,
				09A3C3AC19B1CF3900E46114 /* WeaponTVC.m in Sources */,
				093201191A39A4B100A323BA /* EGOImageView.m in Sources */,
				093201171A39A4B100A323BA /* EGOImageLoadConnection.m in Sources */,
				0982040D1A318A8A000655F9 /* ASIDataCompressor.m in Sources */,
				098204151A318A8A000655F9 /* PKReachability.m in Sources */,
				093200F31A3958AE00A323BA /* SBJsonWriter.m in Sources */,
				093200F11A3958AE00A323BA /* SBJsonTokeniser.m in Sources */,
				09CDC2111A5E3D7A0066D5B9 /* WeilixishuVC.m in Sources */,
				09FA19CE19BC7FB000DF60D5 /* LoadhtmlVC.m in Sources */,
				093200E21A3958AE00A323BA /* CJSONSerializedData.m in Sources */,
				098204101A318A8A000655F9 /* ASIFormDataRequest.m in Sources */,
				09A19A5519BEAB7D000900BA /* MenuTableVC.m in Sources */,
				093200E91A3958AE00A323BA /* SBJsonParser.m in Sources */,
				09A3C3AA19B1CF3900E46114 /* WeaponVC.m in Sources */,
				09A3C38219B1CEF800E46114 /* main.m in Sources */,
				093200E01A3958AE00A323BA /* CJSONDeserializer_BlocksExtensions.m in Sources */,
				0982042D1A319E49000655F9 /* PMHelper.m in Sources */,
				093200EF1A3958AE00A323BA /* SBJsonStreamWriterAccumulator.m in Sources */,
				093200AA1A3956A000A323BA /* Utils.m in Sources */,
				0982040C1A318A8A000655F9 /* ASIAuthenticationDialog.m in Sources */,
			);
			runOnlyForDeploymentPostprocessing = 0;
		};
		09A3C38919B1CEF800E46114 /* Sources */ = {
			isa = PBXSourcesBuildPhase;
			buildActionMask = 2147483647;
			files = (
				09A3C39B19B1CEF800E46114 /* wsolTests.m in Sources */,
			);
			runOnlyForDeploymentPostprocessing = 0;
		};
/* End PBXSourcesBuildPhase section */

/* Begin PBXTargetDependency section */
		09A3C39319B1CEF800E46114 /* PBXTargetDependency */ = {
			isa = PBXTargetDependency;
			target = 09A3C37119B1CEF800E46114 /* wsol */;
			targetProxy = 09A3C39219B1CEF800E46114 /* PBXContainerItemProxy */;
		};
/* End PBXTargetDependency section */

/* Begin PBXVariantGroup section */
		09A3C37E19B1CEF800E46114 /* InfoPlist.strings */ = {
			isa = PBXVariantGroup;
			children = (
				09A3C37F19B1CEF800E46114 /* en */,
			);
			name = InfoPlist.strings;
			sourceTree = "<group>";
		};
		09A3C39719B1CEF800E46114 /* InfoPlist.strings */ = {
			isa = PBXVariantGroup;
			children = (
				09A3C39819B1CEF800E46114 /* en */,
			);
			name = InfoPlist.strings;
			sourceTree = "<group>";
		};
/* End PBXVariantGroup section */

/* Begin XCBuildConfiguration section */
		09A3C39C19B1CEF800E46114 /* Debug */ = {
			isa = XCBuildConfiguration;
			buildSettings = {
				ALWAYS_SEARCH_USER_PATHS = NO;
				CLANG_CXX_LANGUAGE_STANDARD = "gnu++0x";
				CLANG_CXX_LIBRARY = "libc++";
				CLANG_ENABLE_MODULES = YES;
				CLANG_ENABLE_OBJC_ARC = YES;
				CLANG_WARN_BOOL_CONVERSION = YES;
				CLANG_WARN_CONSTANT_CONVERSION = YES;
				CLANG_WARN_DIRECT_OBJC_ISA_USAGE = YES_ERROR;
				CLANG_WARN_EMPTY_BODY = YES;
				CLANG_WARN_ENUM_CONVERSION = YES;
				CLANG_WARN_INT_CONVERSION = YES;
				CLANG_WARN_OBJC_ROOT_CLASS = YES_ERROR;
				CLANG_WARN__DUPLICATE_METHOD_MATCH = YES;
				"CODE_SIGN_IDENTITY[sdk=iphoneos*]" = "iPhone Developer";
				COPY_PHASE_STRIP = NO;
				GCC_C_LANGUAGE_STANDARD = gnu99;
				GCC_DYNAMIC_NO_PIC = NO;
				GCC_OPTIMIZATION_LEVEL = 0;
				GCC_PREPROCESSOR_DEFINITIONS = (
					"DEBUG=1",
					"$(inherited)",
				);
				GCC_SYMBOLS_PRIVATE_EXTERN = NO;
				GCC_WARN_64_TO_32_BIT_CONVERSION = YES;
				GCC_WARN_ABOUT_RETURN_TYPE = YES_ERROR;
				GCC_WARN_UNDECLARED_SELECTOR = YES;
				GCC_WARN_UNINITIALIZED_AUTOS = YES_AGGRESSIVE;
				GCC_WARN_UNUSED_FUNCTION = YES;
				GCC_WARN_UNUSED_VARIABLE = YES;
				IPHONEOS_DEPLOYMENT_TARGET = 7.1;
				ONLY_ACTIVE_ARCH = YES;
				SDKROOT = iphoneos;
			};
			name = Debug;
		};
		09A3C39D19B1CEF800E46114 /* Release */ = {
			isa = XCBuildConfiguration;
			buildSettings = {
				ALWAYS_SEARCH_USER_PATHS = NO;
				CLANG_CXX_LANGUAGE_STANDARD = "gnu++0x";
				CLANG_CXX_LIBRARY = "libc++";
				CLANG_ENABLE_MODULES = YES;
				CLANG_ENABLE_OBJC_ARC = YES;
				CLANG_WARN_BOOL_CONVERSION = YES;
				CLANG_WARN_CONSTANT_CONVERSION = YES;
				CLANG_WARN_DIRECT_OBJC_ISA_USAGE = YES_ERROR;
				CLANG_WARN_EMPTY_BODY = YES;
				CLANG_WARN_ENUM_CONVERSION = YES;
				CLANG_WARN_INT_CONVERSION = YES;
				CLANG_WARN_OBJC_ROOT_CLASS = YES_ERROR;
				CLANG_WARN__DUPLICATE_METHOD_MATCH = YES;
				"CODE_SIGN_IDENTITY[sdk=iphoneos*]" = "iPhone Developer";
				COPY_PHASE_STRIP = YES;
				ENABLE_NS_ASSERTIONS = NO;
				GCC_C_LANGUAGE_STANDARD = gnu99;
				GCC_WARN_64_TO_32_BIT_CONVERSION = YES;
				GCC_WARN_ABOUT_RETURN_TYPE = YES_ERROR;
				GCC_WARN_UNDECLARED_SELECTOR = YES;
				GCC_WARN_UNINITIALIZED_AUTOS = YES_AGGRESSIVE;
				GCC_WARN_UNUSED_FUNCTION = YES;
				GCC_WARN_UNUSED_VARIABLE = YES;
				IPHONEOS_DEPLOYMENT_TARGET = 7.1;
				SDKROOT = iphoneos;
				VALIDATE_PRODUCT = YES;
			};
			name = Release;
		};
		09A3C39F19B1CEF800E46114 /* Debug */ = {
			isa = XCBuildConfiguration;
			buildSettings = {
				ASSETCATALOG_COMPILER_APPICON_NAME = AppIcon;
				ASSETCATALOG_COMPILER_LAUNCHIMAGE_NAME = LaunchImage;
				FRAMEWORK_SEARCH_PATHS = (
					"$(inherited)",
					"$(PROJECT_DIR)",
				);
				GCC_PRECOMPILE_PREFIX_HEADER = YES;
				GCC_PREFIX_HEADER = "wsol/wsol-Prefix.pch";
				INFOPLIST_FILE = "wsol/wsol-Info.plist";
				IPHONEOS_DEPLOYMENT_TARGET = 6.0;
				LIBRARY_SEARCH_PATHS = (
					"$(inherited)",
					"$(PROJECT_DIR)/UMAnalytics_Sdk_3.1.2",
					"$(PROJECT_DIR)/spotlib",
					"$(PROJECT_DIR)",
				);
				PRODUCT_NAME = "我的无双攻略";
				TARGETED_DEVICE_FAMILY = "1,2";
				WRAPPER_EXTENSION = app;
			};
			name = Debug;
		};
		09A3C3A019B1CEF800E46114 /* Release */ = {
			isa = XCBuildConfiguration;
			buildSettings = {
				ASSETCATALOG_COMPILER_APPICON_NAME = AppIcon;
				ASSETCATALOG_COMPILER_LAUNCHIMAGE_NAME = LaunchImage;
				FRAMEWORK_SEARCH_PATHS = (
					"$(inherited)",
					"$(PROJECT_DIR)",
				);
				GCC_PRECOMPILE_PREFIX_HEADER = YES;
				GCC_PREFIX_HEADER = "wsol/wsol-Prefix.pch";
				INFOPLIST_FILE = "wsol/wsol-Info.plist";
				IPHONEOS_DEPLOYMENT_TARGET = 6.0;
				LIBRARY_SEARCH_PATHS = (
					"$(inherited)",
					"$(PROJECT_DIR)/UMAnalytics_Sdk_3.1.2",
					"$(PROJECT_DIR)/spotlib",
					"$(PROJECT_DIR)",
				);
				PRODUCT_NAME = "我的无双攻略";
				TARGETED_DEVICE_FAMILY = "1,2";
				WRAPPER_EXTENSION = app;
			};
			name = Release;
		};
		09A3C3A219B1CEF800E46114 /* Debug */ = {
			isa = XCBuildConfiguration;
			buildSettings = {
				BUNDLE_LOADER = "$(BUILT_PRODUCTS_DIR)/wsol.app/wsol";
				FRAMEWORK_SEARCH_PATHS = (
					"$(SDKROOT)/Developer/Library/Frameworks",
					"$(inherited)",
					"$(DEVELOPER_FRAMEWORKS_DIR)",
				);
				GCC_PRECOMPILE_PREFIX_HEADER = YES;
				GCC_PREFIX_HEADER = "wsol/wsol-Prefix.pch";
				GCC_PREPROCESSOR_DEFINITIONS = (
					"DEBUG=1",
					"$(inherited)",
				);
				INFOPLIST_FILE = "wsolTests/wsolTests-Info.plist";
				PRODUCT_NAME = "$(TARGET_NAME)";
				TEST_HOST = "$(BUNDLE_LOADER)";
				WRAPPER_EXTENSION = xctest;
			};
			name = Debug;
		};
		09A3C3A319B1CEF800E46114 /* Release */ = {
			isa = XCBuildConfiguration;
			buildSettings = {
				BUNDLE_LOADER = "$(BUILT_PRODUCTS_DIR)/wsol.app/wsol";
				FRAMEWORK_SEARCH_PATHS = (
					"$(SDKROOT)/Developer/Library/Frameworks",
					"$(inherited)",
					"$(DEVELOPER_FRAMEWORKS_DIR)",
				);
				GCC_PRECOMPILE_PREFIX_HEADER = YES;
				GCC_PREFIX_HEADER = "wsol/wsol-Prefix.pch";
				INFOPLIST_FILE = "wsolTests/wsolTests-Info.plist";
				PRODUCT_NAME = "$(TARGET_NAME)";
				TEST_HOST = "$(BUNDLE_LOADER)";
				WRAPPER_EXTENSION = xctest;
			};
			name = Release;
		};
/* End XCBuildConfiguration section */

/* Begin XCConfigurationList section */
		09A3C36D19B1CEF800E46114 /* Build configuration list for PBXProject "wsol" */ = {
			isa = XCConfigurationList;
			buildConfigurations = (
				09A3C39C19B1CEF800E46114 /* Debug */,
				09A3C39D19B1CEF800E46114 /* Release */,
			);
			defaultConfigurationIsVisible = 0;
			defaultConfigurationName = Release;
		};
		09A3C39E19B1CEF800E46114 /* Build configuration list for PBXNativeTarget "wsol" */ = {
			isa = XCConfigurationList;
			buildConfigurations = (
				09A3C39F19B1CEF800E46114 /* Debug */,
				09A3C3A019B1CEF800E46114 /* Release */,
			);
			defaultConfigurationIsVisible = 0;
			defaultConfigurationName = Release;
		};
		09A3C3A119B1CEF800E46114 /* Build configuration list for PBXNativeTarget "wsolTests" */ = {
			isa = XCConfigurationList;
			buildConfigurations = (
				09A3C3A219B1CEF800E46114 /* Debug */,
				09A3C3A319B1CEF800E46114 /* Release */,
			);
			defaultConfigurationIsVisible = 0;
			defaultConfigurationName = Release;
		};
/* End XCConfigurationList section */
	};
	rootObject = 09A3C36A19B1CEF800E46114 /* Project object */;
}
